// !$*UTF8*$!
{
	archiveVersion = 1;
	classes = {
	};
	objectVersion = 46;
	objects = {

/* Begin PBXBuildFile section */
		8A4E55B61EE19B28007B5B51 /* AMPAppDelegate.m in Sources */ = {isa = PBXBuildFile; fileRef = 8A4E55AF1EE19B28007B5B51 /* AMPAppDelegate.m */; };
		8A4E55B81EE19B28007B5B51 /* main.m in Sources */ = {isa = PBXBuildFile; fileRef = 8A4E55B11EE19B28007B5B51 /* main.m */; };
		8A4E55BC1EE19BFD007B5B51 /* LaunchScreen.storyboard in Resources */ = {isa = PBXBuildFile; fileRef = 8A4E55B41EE19B28007B5B51 /* LaunchScreen.storyboard */; };
		8A4E55BD1EE19C02007B5B51 /* Assets.xcassets in Resources */ = {isa = PBXBuildFile; fileRef = 8A4E55B31EE19B28007B5B51 /* Assets.xcassets */; };
		8A4E55C21EE19CFD007B5B51 /* AMPViewController.m in Sources */ = {isa = PBXBuildFile; fileRef = 8A4E55C01EE19CFD007B5B51 /* AMPViewController.m */; };
		8A4E55C31EE19CFD007B5B51 /* AMPViewController.xib in Resources */ = {isa = PBXBuildFile; fileRef = 8A4E55C11EE19CFD007B5B51 /* AMPViewController.xib */; };
		8A4E55D21EE19F00007B5B51 /* AMPSquareView.m in Sources */ = {isa = PBXBuildFile; fileRef = 8A4E55D11EE19F00007B5B51 /* AMPSquareView.m */; };
/* End PBXBuildFile section */

/* Begin PBXFileReference section */
		8A248B191EE1AC000039958F /* AMPMarcos.h */ = {isa = PBXFileReference; lastKnownFileType = sourcecode.c.h; path = AMPMarcos.h; sourceTree = "<group>"; };
		8A4E55911EE19AB4007B5B51 /* AMPObjCUIStudy.app */ = {isa = PBXFileReference; explicitFileType = wrapper.application; includeInIndex = 0; path = AMPObjCUIStudy.app; sourceTree = BUILT_PRODUCTS_DIR; };
		8A4E55AE1EE19B28007B5B51 /* AMPAppDelegate.h */ = {isa = PBXFileReference; fileEncoding = 4; lastKnownFileType = sourcecode.c.h; path = AMPAppDelegate.h; sourceTree = "<group>"; };
		8A4E55AF1EE19B28007B5B51 /* AMPAppDelegate.m */ = {isa = PBXFileReference; fileEncoding = 4; lastKnownFileType = sourcecode.c.objc; path = AMPAppDelegate.m; sourceTree = "<group>"; };
		8A4E55B01EE19B28007B5B51 /* Info.plist */ = {isa = PBXFileReference; fileEncoding = 4; lastKnownFileType = text.plist.xml; path = Info.plist; sourceTree = "<group>"; };
		8A4E55B11EE19B28007B5B51 /* main.m */ = {isa = PBXFileReference; fileEncoding = 4; lastKnownFileType = sourcecode.c.objc; path = main.m; sourceTree = "<group>"; };
		8A4E55B31EE19B28007B5B51 /* Assets.xcassets */ = {isa = PBXFileReference; lastKnownFileType = folder.assetcatalog; path = Assets.xcassets; sourceTree = "<group>"; };
		8A4E55B51EE19B28007B5B51 /* Base */ = {isa = PBXFileReference; lastKnownFileType = file.storyboard; name = Base; path = Base.lproj/LaunchScreen.storyboard; sourceTree = "<group>"; };
		8A4E55BF1EE19CFD007B5B51 /* AMPViewController.h */ = {isa = PBXFileReference; fileEncoding = 4; lastKnownFileType = sourcecode.c.h; path = AMPViewController.h; sourceTree = "<group>"; };
		8A4E55C01EE19CFD007B5B51 /* AMPViewController.m */ = {isa = PBXFileReference; fileEncoding = 4; lastKnownFileType = sourcecode.c.objc; path = AMPViewController.m; sourceTree = "<group>"; };
		8A4E55C11EE19CFD007B5B51 /* AMPViewController.xib */ = {isa = PBXFileReference; fileEncoding = 4; lastKnownFileType = file.xib; path = AMPViewController.xib; sourceTree = "<group>"; };
		8A4E55D01EE19F00007B5B51 /* AMPSquareView.h */ = {isa = PBXFileReference; fileEncoding = 4; lastKnownFileType = sourcecode.c.h; path = AMPSquareView.h; sourceTree = "<group>"; };
		8A4E55D11EE19F00007B5B51 /* AMPSquareView.m */ = {isa = PBXFileReference; fileEncoding = 4; lastKnownFileType = sourcecode.c.objc; path = AMPSquareView.m; sourceTree = "<group>"; };
/* End PBXFileReference section */

/* Begin PBXFrameworksBuildPhase section */
		8A4E558E1EE19AB4007B5B51 /* Frameworks */ = {
			isa = PBXFrameworksBuildPhase;
			buildActionMask = 2147483647;
			files = (
			);
			runOnlyForDeploymentPostprocessing = 0;
		};
/* End PBXFrameworksBuildPhase section */

/* Begin PBXGroup section */
		8A248B181EE1ABD50039958F /* Library */ = {
			isa = PBXGroup;
			children = (
				8A248B191EE1AC000039958F /* AMPMarcos.h */,
			);
			path = Library;
			sourceTree = "<group>";
		};
		8A4E55881EE19AB4007B5B51 = {
			isa = PBXGroup;
			children = (
				8A248B181EE1ABD50039958F /* Library */,
				8A4E55AC1EE19AF0007B5B51 /* Sources */,
				8A4E55B21EE19B28007B5B51 /* Resources */,
				8A4E55AD1EE19B28007B5B51 /* AMPObjCUIStudy */,
				8A4E55921EE19AB4007B5B51 /* Products */,
			);
			sourceTree = "<group>";
		};
		8A4E55921EE19AB4007B5B51 /* Products */ = {
			isa = PBXGroup;
			children = (
				8A4E55911EE19AB4007B5B51 /* AMPObjCUIStudy.app */,
			);
			name = Products;
			sourceTree = "<group>";
		};
		8A4E55AC1EE19AF0007B5B51 /* Sources */ = {
			isa = PBXGroup;
			children = (
				8A4E55BE1EE19CD5007B5B51 /* AMPViewController */,
			);
			path = Sources;
			sourceTree = "<group>";
		};
		8A4E55AD1EE19B28007B5B51 /* AMPObjCUIStudy */ = {
			isa = PBXGroup;
			children = (
				8A4E55AE1EE19B28007B5B51 /* AMPAppDelegate.h */,
				8A4E55AF1EE19B28007B5B51 /* AMPAppDelegate.m */,
				8A4E55B01EE19B28007B5B51 /* Info.plist */,
				8A4E55B11EE19B28007B5B51 /* main.m */,
			);
			path = AMPObjCUIStudy;
			sourceTree = "<group>";
		};
		8A4E55B21EE19B28007B5B51 /* Resources */ = {
			isa = PBXGroup;
			children = (
				8A4E55B31EE19B28007B5B51 /* Assets.xcassets */,
				8A4E55B41EE19B28007B5B51 /* LaunchScreen.storyboard */,
			);
			path = Resources;
			sourceTree = "<group>";
		};
		8A4E55BE1EE19CD5007B5B51 /* AMPViewController */ = {
			isa = PBXGroup;
			children = (
				8A4E55CC1EE19EEB007B5B51 /* AMPSquareView */,
				8A4E55BF1EE19CFD007B5B51 /* AMPViewController.h */,
				8A4E55C01EE19CFD007B5B51 /* AMPViewController.m */,
				8A4E55C11EE19CFD007B5B51 /* AMPViewController.xib */,
			);
			path = AMPViewController;
			sourceTree = "<group>";
		};
		8A4E55CC1EE19EEB007B5B51 /* AMPSquareView */ = {
			isa = PBXGroup;
			children = (
				8A4E55D01EE19F00007B5B51 /* AMPSquareView.h */,
				8A4E55D11EE19F00007B5B51 /* AMPSquareView.m */,
			);
			path = AMPSquareView;
			sourceTree = "<group>";
		};
/* End PBXGroup section */

/* Begin PBXNativeTarget section */
		8A4E55901EE19AB4007B5B51 /* AMPObjCUIStudy */ = {
			isa = PBXNativeTarget;
			buildConfigurationList = 8A4E55A81EE19AB4007B5B51 /* Build configuration list for PBXNativeTarget "AMPObjCUIStudy" */;
			buildPhases = (
				8A4E558D1EE19AB4007B5B51 /* Sources */,
				8A4E558E1EE19AB4007B5B51 /* Frameworks */,
				8A4E558F1EE19AB4007B5B51 /* Resources */,
			);
			buildRules = (
			);
			dependencies = (
			);
			name = AMPObjCUIStudy;
			productName = AMPObjCUIStudy;
			productReference = 8A4E55911EE19AB4007B5B51 /* AMPObjCUIStudy.app */;
			productType = "com.apple.product-type.application";
		};
/* End PBXNativeTarget section */

/* Begin PBXProject section */
		8A4E55891EE19AB4007B5B51 /* Project object */ = {
			isa = PBXProject;
			attributes = {
				LastUpgradeCheck = 0830;
				ORGANIZATIONNAME = pilotns;
				TargetAttributes = {
					8A4E55901EE19AB4007B5B51 = {
						CreatedOnToolsVersion = 8.3.2;
						DevelopmentTeam = FWP6H8H8UZ;
						ProvisioningStyle = Automatic;
					};
				};
			};
			buildConfigurationList = 8A4E558C1EE19AB4007B5B51 /* Build configuration list for PBXProject "AMPObjCUIStudy" */;
			compatibilityVersion = "Xcode 3.2";
			developmentRegion = English;
			hasScannedForEncodings = 0;
			knownRegions = (
				en,
				Base,
			);
			mainGroup = 8A4E55881EE19AB4007B5B51;
			productRefGroup = 8A4E55921EE19AB4007B5B51 /* Products */;
			projectDirPath = "";
			projectRoot = "";
			targets = (
				8A4E55901EE19AB4007B5B51 /* AMPObjCUIStudy */,
			);
		};
/* End PBXProject section */

/* Begin PBXResourcesBuildPhase section */
		8A4E558F1EE19AB4007B5B51 /* Resources */ = {
			isa = PBXResourcesBuildPhase;
			buildActionMask = 2147483647;
			files = (
				8A4E55BD1EE19C02007B5B51 /* Assets.xcassets in Resources */,
				8A4E55BC1EE19BFD007B5B51 /* LaunchScreen.storyboard in Resources */,
				8A4E55C31EE19CFD007B5B51 /* AMPViewController.xib in Resources */,
			);
			runOnlyForDeploymentPostprocessing = 0;
		};
/* End PBXResourcesBuildPhase section */

/* Begin PBXSourcesBuildPhase section */
		8A4E558D1EE19AB4007B5B51 /* Sources */ = {
			isa = PBXSourcesBuildPhase;
			buildActionMask = 2147483647;
			files = (
				8A4E55B81EE19B28007B5B51 /* main.m in Sources */,
				8A4E55D21EE19F00007B5B51 /* AMPSquareView.m in Sources */,
				8A4E55C21EE19CFD007B5B51 /* AMPViewController.m in Sources */,
				8A4E55B61EE19B28007B5B51 /* AMPAppDelegate.m in Sources */,
			);
			runOnlyForDeploymentPostprocessing = 0;
		};
/* End PBXSourcesBuildPhase section */

/* Begin PBXVariantGroup section */
		8A4E55B41EE19B28007B5B51 /* LaunchScreen.storyboard */ = {
			isa = PBXVariantGroup;
			children = (
				8A4E55B51EE19B28007B5B51 /* Base */,
			);
			name = LaunchScreen.storyboard;
			sourceTree = "<group>";
		};
/* End PBXVariantGroup section */

/* Begin XCBuildConfiguration section */
		8A4E55A61EE19AB4007B5B51 /* Debug */ = {
			isa = XCBuildConfiguration;
			buildSettings = {
				ALWAYS_SEARCH_USER_PATHS = NO;
				CLANG_ANALYZER_NONNULL = YES;
				CLANG_ANALYZER_NUMBER_OBJECT_CONVERSION = YES_AGGRESSIVE;
				CLANG_CXX_LANGUAGE_STANDARD = "gnu++0x";
				CLANG_CXX_LIBRARY = "libc++";
				CLANG_ENABLE_MODULES = YES;
				CLANG_ENABLE_OBJC_ARC = YES;
				CLANG_WARN_BOOL_CONVERSION = YES;
				CLANG_WARN_CONSTANT_CONVERSION = YES;
				CLANG_WARN_DIRECT_OBJC_ISA_USAGE = YES_ERROR;
				CLANG_WARN_DOCUMENTATION_COMMENTS = YES;
				CLANG_WARN_EMPTY_BODY = YES;
				CLANG_WARN_ENUM_CONVERSION = YES;
				CLANG_WARN_INFINITE_RECURSION = YES;
				CLANG_WARN_INT_CONVERSION = YES;
				CLANG_WARN_OBJC_ROOT_CLASS = YES_ERROR;
				CLANG_WARN_SUSPICIOUS_MOVE = YES;
				CLANG_WARN_UNREACHABLE_CODE = YES;
				CLANG_WARN__DUPLICATE_METHOD_MATCH = YES;
				"CODE_SIGN_IDENTITY[sdk=iphoneos*]" = "iPhone Developer";
				COPY_PHASE_STRIP = NO;
				DEBUG_INFORMATION_FORMAT = dwarf;
				ENABLE_STRICT_OBJC_MSGSEND = YES;
				ENABLE_TESTABILITY = YES;
				GCC_C_LANGUAGE_STANDARD = gnu99;
				GCC_DYNAMIC_NO_PIC = NO;
				GCC_NO_COMMON_BLOCKS = YES;
				GCC_OPTIMIZATION_LEVEL = 0;
				GCC_PREPROCESSOR_DEFINITIONS = (
					"DEBUG=1",
					"$(inherited)",
				);
				GCC_WARN_64_TO_32_BIT_CONVERSION = YES;
				GCC_WARN_ABOUT_RETURN_TYPE = YES_ERROR;
				GCC_WARN_UNDECLARED_SELECTOR = YES;
				GCC_WARN_UNINITIALIZED_AUTOS = YES_AGGRESSIVE;
				GCC_WARN_UNUSED_FUNCTION = YES;
				GCC_WARN_UNUSED_VARIABLE = YES;
				IPHONEOS_DEPLOYMENT_TARGET = 10.3;
				MTL_ENABLE_DEBUG_INFO = YES;
				ONLY_ACTIVE_ARCH = YES;
				SDKROOT = iphoneos;
				TARGETED_DEVICE_FAMILY = "1,2";
			};
			name = Debug;
		};
		8A4E55A71EE19AB4007B5B51 /* Release */ = {
			isa = XCBuildConfiguration;
			buildSettings = {
				ALWAYS_SEARCH_USER_PATHS = NO;
				CLANG_ANALYZER_NONNULL = YES;
				CLANG_ANALYZER_NUMBER_OBJECT_CONVERSION = YES_AGGRESSIVE;
				CLANG_CXX_LANGUAGE_STANDARD = "gnu++0x";
				CLANG_CXX_LIBRARY = "libc++";
				CLANG_ENABLE_MODULES = YES;
				CLANG_ENABLE_OBJC_ARC = YES;
				CLANG_WARN_BOOL_CONVERSION = YES;
				CLANG_WARN_CONSTANT_CONVERSION = YES;
				CLANG_WARN_DIRECT_OBJC_ISA_USAGE = YES_ERROR;
				CLANG_WARN_DOCUMENTATION_COMMENTS = YES;
				CLANG_WARN_EMPTY_BODY = YES;
				CLANG_WARN_ENUM_CONVERSION = YES;
				CLANG_WARN_INFINITE_RECURSION = YES;
				CLANG_WARN_INT_CONVERSION = YES;
				CLANG_WARN_OBJC_ROOT_CLASS = YES_ERROR;
				CLANG_WARN_SUSPICIOUS_MOVE = YES;
				CLANG_WARN_UNREACHABLE_CODE = YES;
				CLANG_WARN__DUPLICATE_METHOD_MATCH = YES;
				"CODE_SIGN_IDENTITY[sdk=iphoneos*]" = "iPhone Developer";
				COPY_PHASE_STRIP = NO;
				DEBUG_INFORMATION_FORMAT = "dwarf-with-dsym";
				ENABLE_NS_ASSERTIONS = NO;
				ENABLE_STRICT_OBJC_MSGSEND = YES;
				GCC_C_LANGUAGE_STANDARD = gnu99;
				GCC_NO_COMMON_BLOCKS = YES;
				GCC_WARN_64_TO_32_BIT_CONVERSION = YES;
				GCC_WARN_ABOUT_RETURN_TYPE = YES_ERROR;
				GCC_WARN_UNDECLARED_SELECTOR = YES;
				GCC_WARN_UNINITIALIZED_AUTOS = YES_AGGRESSIVE;
				GCC_WARN_UNUSED_FUNCTION = YES;
				GCC_WARN_UNUSED_VARIABLE = YES;
				IPHONEOS_DEPLOYMENT_TARGET = 10.3;
				MTL_ENABLE_DEBUG_INFO = NO;
				SDKROOT = iphoneos;
				TARGETED_DEVICE_FAMILY = "1,2";
				VALIDATE_PRODUCT = YES;
			};
			name = Release;
		};
		8A4E55A91EE19AB4007B5B51 /* Debug */ = {
			isa = XCBuildConfiguration;
			buildSettings = {
				ASSETCATALOG_COMPILER_APPICON_NAME = AppIcon;
				DEVELOPMENT_TEAM = FWP6H8H8UZ;
				INFOPLIST_FILE = AMPObjCUIStudy/Info.plist;
				LD_RUNPATH_SEARCH_PATHS = "$(inherited) @executable_path/Frameworks";
				PRODUCT_BUNDLE_IDENTIFIER = AMP.AMPObjCUIStudy;
				PRODUCT_NAME = "$(TARGET_NAME)";
			};
			name = Debug;
		};
		8A4E55AA1EE19AB4007B5B51 /* Release */ = {
			isa = XCBuildConfiguration;
			buildSettings = {
				ASSETCATALOG_COMPILER_APPICON_NAME = AppIcon;
				DEVELOPMENT_TEAM = FWP6H8H8UZ;
				INFOPLIST_FILE = AMPObjCUIStudy/Info.plist;
				LD_RUNPATH_SEARCH_PATHS = "$(inherited) @executable_path/Frameworks";
				PRODUCT_BUNDLE_IDENTIFIER = AMP.AMPObjCUIStudy;
				PRODUCT_NAME = "$(TARGET_NAME)";
			};
			name = Release;
		};
/* End XCBuildConfiguration section */

/* Begin XCConfigurationList section */
		8A4E558C1EE19AB4007B5B51 /* Build configuration list for PBXProject "AMPObjCUIStudy" */ = {
			isa = XCConfigurationList;
			buildConfigurations = (
				8A4E55A61EE19AB4007B5B51 /* Debug */,
				8A4E55A71EE19AB4007B5B51 /* Release */,
			);
			defaultConfigurationIsVisible = 0;
			defaultConfigurationName = Release;
		};
		8A4E55A81EE19AB4007B5B51 /* Build configuration list for PBXNativeTarget "AMPObjCUIStudy" */ = {
			isa = XCConfigurationList;
			buildConfigurations = (
				8A4E55A91EE19AB4007B5B51 /* Debug */,
				8A4E55AA1EE19AB4007B5B51 /* Release */,
			);
			defaultConfigurationIsVisible = 0;
			defaultConfigurationName = Release;
		};
/* End XCConfigurationList section */
	};
	rootObject = 8A4E55891EE19AB4007B5B51 /* Project object */;
}
