// !$*UTF8*$!
{
	archiveVersion = 1;
	classes = {
	};
	objectVersion = 46;
	objects = {

/* Begin PBXBuildFile section */
		8A248B231EE2E1410039958F /* AMPRandom.m in Sources */ = {isa = PBXBuildFile; fileRef = 8A248B221EE2E1410039958F /* AMPRandom.m */; };
		8A4E55B61EE19B28007B5B51 /* AMPAppDelegate.m in Sources */ = {isa = PBXBuildFile; fileRef = 8A4E55AF1EE19B28007B5B51 /* AMPAppDelegate.m */; };
		8A4E55B81EE19B28007B5B51 /* main.m in Sources */ = {isa = PBXBuildFile; fileRef = 8A4E55B11EE19B28007B5B51 /* main.m */; };
		8A4E55BC1EE19BFD007B5B51 /* LaunchScreen.storyboard in Resources */ = {isa = PBXBuildFile; fileRef = 8A4E55B41EE19B28007B5B51 /* LaunchScreen.storyboard */; };
		8A4E55BD1EE19C02007B5B51 /* Assets.xcassets in Resources */ = {isa = PBXBuildFile; fileRef = 8A4E55B31EE19B28007B5B51 /* Assets.xcassets */; };
		8A8E99B21EEEA0C500B939B1 /* AMPTableViewCell.m in Sources */ = {isa = PBXBuildFile; fileRef = 8A8E99B11EEEA0C500B939B1 /* AMPTableViewCell.m */; };
		8A8E99BC1EEEA4B800B939B1 /* UINib+AMPExtensions.m in Sources */ = {isa = PBXBuildFile; fileRef = 8A8E99BB1EEEA4B800B939B1 /* UINib+AMPExtensions.m */; };
		8A8E99C01EEEA9BF00B939B1 /* NSBundle+AMPExtensions.m in Sources */ = {isa = PBXBuildFile; fileRef = 8A8E99BF1EEEA9BF00B939B1 /* NSBundle+AMPExtensions.m */; };
		8A8E99C41EEEAC7E00B939B1 /* UITableView+AMPExtensions.m in Sources */ = {isa = PBXBuildFile; fileRef = 8A8E99C31EEEAC7E00B939B1 /* UITableView+AMPExtensions.m */; };
		8A8E99C71EEEAF4900B939B1 /* vw.jpg in Resources */ = {isa = PBXBuildFile; fileRef = 8A8E99C61EEEAF4900B939B1 /* vw.jpg */; };
		8A8E99D21EEEC21500B939B1 /* NSIndexPath+AMPExtensions.m in Sources */ = {isa = PBXBuildFile; fileRef = 8A8E99D11EEEC21500B939B1 /* NSIndexPath+AMPExtensions.m */; };
		8A8E99DE1EF7090E00B939B1 /* AMPUserCell.m in Sources */ = {isa = PBXBuildFile; fileRef = 8A8E99DC1EF7090E00B939B1 /* AMPUserCell.m */; };
		8A8E99DF1EF7090E00B939B1 /* AMPUserCell.xib in Resources */ = {isa = PBXBuildFile; fileRef = 8A8E99DD1EF7090E00B939B1 /* AMPUserCell.xib */; };
		8A8E9A101EF7EB3900B939B1 /* AMPUser.m in Sources */ = {isa = PBXBuildFile; fileRef = 8A8E9A0A1EF7EB3900B939B1 /* AMPUser.m */; };
		8A8E9A201EF9001800B939B1 /* AMPArrayModelSpec.m in Sources */ = {isa = PBXBuildFile; fileRef = 8A8E9A1F1EF9001800B939B1 /* AMPArrayModelSpec.m */; };
		8A9FDDDE1EFA53E70008FD56 /* NSNotificationCenter+AMPExtensions.m in Sources */ = {isa = PBXBuildFile; fileRef = 8A9FDDDD1EFA53E70008FD56 /* NSNotificationCenter+AMPExtensions.m */; };
		8A9FDE061EFAB4E60008FD56 /* AMPGCDExtensions.m in Sources */ = {isa = PBXBuildFile; fileRef = 8A9FDE051EFAB4E60008FD56 /* AMPGCDExtensions.m */; };
		8A9FDE0A1EFCE6700008FD56 /* AMPImageModel.m in Sources */ = {isa = PBXBuildFile; fileRef = 8A9FDE091EFCE6700008FD56 /* AMPImageModel.m */; };
		8A9FDE191EFD06EB0008FD56 /* vw_240.jpg in Resources */ = {isa = PBXBuildFile; fileRef = 8A9FDE181EFD06EB0008FD56 /* vw_240.jpg */; };
		8A9FDE1D1EFD9CF20008FD56 /* AMPImageView.m in Sources */ = {isa = PBXBuildFile; fileRef = 8A9FDE1C1EFD9CF20008FD56 /* AMPImageView.m */; };
		8A9FDE361F0191640008FD56 /* AMPUsersModel.m in Sources */ = {isa = PBXBuildFile; fileRef = 8A9FDE351F0191640008FD56 /* AMPUsersModel.m */; };
		8ACB3E7B1EEC0632004A8B89 /* UIWindow+AMPExtensions.m in Sources */ = {isa = PBXBuildFile; fileRef = 8ACB3E7A1EEC0632004A8B89 /* UIWindow+AMPExtensions.m */; };
		8ACB3E901EED3FC5004A8B89 /* AMPUsersViewController.m in Sources */ = {isa = PBXBuildFile; fileRef = 8ACB3E871EED3FC5004A8B89 /* AMPUsersViewController.m */; };
		8ACB3E911EED3FC5004A8B89 /* AMPUsersViewController.xib in Resources */ = {isa = PBXBuildFile; fileRef = 8ACB3E881EED3FC5004A8B89 /* AMPUsersViewController.xib */; };
		8ACB3E921EED3FC5004A8B89 /* AMPSquareView.m in Sources */ = {isa = PBXBuildFile; fileRef = 8ACB3E8C1EED3FC5004A8B89 /* AMPSquareView.m */; };
		8ACB3E931EED3FC5004A8B89 /* AMPViewController.m in Sources */ = {isa = PBXBuildFile; fileRef = 8ACB3E8E1EED3FC5004A8B89 /* AMPViewController.m */; };
		8ACB3E941EED3FC5004A8B89 /* AMPViewController.xib in Resources */ = {isa = PBXBuildFile; fileRef = 8ACB3E8F1EED3FC5004A8B89 /* AMPViewController.xib */; };
		8ACB3E971EED40B8004A8B89 /* AMPUsersView.m in Sources */ = {isa = PBXBuildFile; fileRef = 8ACB3E961EED40B8004A8B89 /* AMPUsersView.m */; };
		8ACB3EA31EED4420004A8B89 /* NSString+AMPRandom.m in Sources */ = {isa = PBXBuildFile; fileRef = 8ACB3EA21EED4420004A8B89 /* NSString+AMPRandom.m */; };
		8ACB3EAB1EEE8EAA004A8B89 /* AMPObservableObject.m in Sources */ = {isa = PBXBuildFile; fileRef = 8ACB3EAA1EEE8EAA004A8B89 /* AMPObservableObject.m */; };
		8ACB3EAF1EEE955E004A8B89 /* NSArray+AMPExtensions.m in Sources */ = {isa = PBXBuildFile; fileRef = 8ACB3EAE1EEE955E004A8B89 /* NSArray+AMPExtensions.m */; };
		8ACB3EB31EEE95A6004A8B89 /* NSObject+AMPExtensions.m in Sources */ = {isa = PBXBuildFile; fileRef = 8ACB3EB21EEE95A6004A8B89 /* NSObject+AMPExtensions.m */; };
		8AFA2AFE1F05896F00D5A566 /* AMPArrayModel.m in Sources */ = {isa = PBXBuildFile; fileRef = 8AFA2AEA1F05896F00D5A566 /* AMPArrayModel.m */; };
		8AFA2AFF1F05896F00D5A566 /* AMPArrayModelChange.m in Sources */ = {isa = PBXBuildFile; fileRef = 8AFA2AED1F05896F00D5A566 /* AMPArrayModelChange.m */; };
		8AFA2B001F05896F00D5A566 /* AMPArrayModelChangeDelete.m in Sources */ = {isa = PBXBuildFile; fileRef = 8AFA2AF01F05896F00D5A566 /* AMPArrayModelChangeDelete.m */; };
		8AFA2B011F05896F00D5A566 /* AMPArrayModelChangeInsert.m in Sources */ = {isa = PBXBuildFile; fileRef = 8AFA2AF31F05896F00D5A566 /* AMPArrayModelChangeInsert.m */; };
		8AFA2B021F05896F00D5A566 /* AMPArrayModelChangeMove.m in Sources */ = {isa = PBXBuildFile; fileRef = 8AFA2AF61F05896F00D5A566 /* AMPArrayModelChangeMove.m */; };
		8AFA2B031F05896F00D5A566 /* AMPModel.m in Sources */ = {isa = PBXBuildFile; fileRef = 8AFA2AFB1F05896F00D5A566 /* AMPModel.m */; };
		8AFA2B0E1F0589C000D5A566 /* AMPLoadingView.m in Sources */ = {isa = PBXBuildFile; fileRef = 8AFA2B071F0589C000D5A566 /* AMPLoadingView.m */; };
		8AFA2B0F1F0589C000D5A566 /* AMPLoadingView.xib in Resources */ = {isa = PBXBuildFile; fileRef = 8AFA2B081F0589C000D5A566 /* AMPLoadingView.xib */; };
		8AFA2B101F0589C000D5A566 /* AMPView+AMPLoadingView.m in Sources */ = {isa = PBXBuildFile; fileRef = 8AFA2B0B1F0589C000D5A566 /* AMPView+AMPLoadingView.m */; };
		8AFA2B111F0589C000D5A566 /* AMPView.m in Sources */ = {isa = PBXBuildFile; fileRef = 8AFA2B0D1F0589C000D5A566 /* AMPView.m */; };
		F652972F32B0DBF57D210368 /* libPods-AMPObjCUIStudyTests.a in Frameworks */ = {isa = PBXBuildFile; fileRef = D3AD010F491C21DFD54CFD76 /* libPods-AMPObjCUIStudyTests.a */; };
		FD483BB2248B6508EE5F4847 /* libPods-AMPObjCUIStudy.a in Frameworks */ = {isa = PBXBuildFile; fileRef = 873ACF5CAEA1D024A4AFB461 /* libPods-AMPObjCUIStudy.a */; };
/* End PBXBuildFile section */

/* Begin PBXContainerItemProxy section */
		8A8E9A1A1EF8FDE300B939B1 /* PBXContainerItemProxy */ = {
			isa = PBXContainerItemProxy;
			containerPortal = 8A4E55891EE19AB4007B5B51 /* Project object */;
			proxyType = 1;
			remoteGlobalIDString = 8A4E55901EE19AB4007B5B51;
			remoteInfo = AMPObjCUIStudy;
		};
/* End PBXContainerItemProxy section */

/* Begin PBXFileReference section */
		1A26A3238A0013F718795815 /* Pods-AMPObjCUIStudyTests.debug.xcconfig */ = {isa = PBXFileReference; includeInIndex = 1; lastKnownFileType = text.xcconfig; name = "Pods-AMPObjCUIStudyTests.debug.xcconfig"; path = "Pods/Target Support Files/Pods-AMPObjCUIStudyTests/Pods-AMPObjCUIStudyTests.debug.xcconfig"; sourceTree = "<group>"; };
		2B8B00711BFE91269F7430D9 /* Pods-AMPObjCUIStudy.debug.xcconfig */ = {isa = PBXFileReference; includeInIndex = 1; lastKnownFileType = text.xcconfig; name = "Pods-AMPObjCUIStudy.debug.xcconfig"; path = "Pods/Target Support Files/Pods-AMPObjCUIStudy/Pods-AMPObjCUIStudy.debug.xcconfig"; sourceTree = "<group>"; };
		4D19272AA57E3EABB6B87DC1 /* Pods-AMPObjCUIStudy.release.xcconfig */ = {isa = PBXFileReference; includeInIndex = 1; lastKnownFileType = text.xcconfig; name = "Pods-AMPObjCUIStudy.release.xcconfig"; path = "Pods/Target Support Files/Pods-AMPObjCUIStudy/Pods-AMPObjCUIStudy.release.xcconfig"; sourceTree = "<group>"; };
		8049E956D4029D1C1B78245D /* Pods-AMPObjCUIStudyTests.release.xcconfig */ = {isa = PBXFileReference; includeInIndex = 1; lastKnownFileType = text.xcconfig; name = "Pods-AMPObjCUIStudyTests.release.xcconfig"; path = "Pods/Target Support Files/Pods-AMPObjCUIStudyTests/Pods-AMPObjCUIStudyTests.release.xcconfig"; sourceTree = "<group>"; };
		873ACF5CAEA1D024A4AFB461 /* libPods-AMPObjCUIStudy.a */ = {isa = PBXFileReference; explicitFileType = archive.ar; includeInIndex = 0; path = "libPods-AMPObjCUIStudy.a"; sourceTree = BUILT_PRODUCTS_DIR; };
		8A248B191EE1AC000039958F /* AMPMacro.h */ = {isa = PBXFileReference; lastKnownFileType = sourcecode.c.h; path = AMPMacro.h; sourceTree = "<group>"; };
		8A248B211EE2E1410039958F /* AMPRandom.h */ = {isa = PBXFileReference; fileEncoding = 4; lastKnownFileType = sourcecode.c.h; path = AMPRandom.h; sourceTree = "<group>"; };
		8A248B221EE2E1410039958F /* AMPRandom.m */ = {isa = PBXFileReference; fileEncoding = 4; lastKnownFileType = sourcecode.c.objc; path = AMPRandom.m; sourceTree = "<group>"; };
		8A4E55911EE19AB4007B5B51 /* AMPObjCUIStudy.app */ = {isa = PBXFileReference; explicitFileType = wrapper.application; includeInIndex = 0; path = AMPObjCUIStudy.app; sourceTree = BUILT_PRODUCTS_DIR; };
		8A4E55AE1EE19B28007B5B51 /* AMPAppDelegate.h */ = {isa = PBXFileReference; fileEncoding = 4; lastKnownFileType = sourcecode.c.h; path = AMPAppDelegate.h; sourceTree = "<group>"; };
		8A4E55AF1EE19B28007B5B51 /* AMPAppDelegate.m */ = {isa = PBXFileReference; fileEncoding = 4; lastKnownFileType = sourcecode.c.objc; path = AMPAppDelegate.m; sourceTree = "<group>"; };
		8A4E55B01EE19B28007B5B51 /* Info.plist */ = {isa = PBXFileReference; fileEncoding = 4; lastKnownFileType = text.plist.xml; path = Info.plist; sourceTree = "<group>"; };
		8A4E55B11EE19B28007B5B51 /* main.m */ = {isa = PBXFileReference; fileEncoding = 4; lastKnownFileType = sourcecode.c.objc; path = main.m; sourceTree = "<group>"; };
		8A4E55B31EE19B28007B5B51 /* Assets.xcassets */ = {isa = PBXFileReference; lastKnownFileType = folder.assetcatalog; path = Assets.xcassets; sourceTree = "<group>"; };
		8A4E55B51EE19B28007B5B51 /* Base */ = {isa = PBXFileReference; lastKnownFileType = file.storyboard; name = Base; path = Base.lproj/LaunchScreen.storyboard; sourceTree = "<group>"; };
		8A8E99B01EEEA0C500B939B1 /* AMPTableViewCell.h */ = {isa = PBXFileReference; fileEncoding = 4; lastKnownFileType = sourcecode.c.h; path = AMPTableViewCell.h; sourceTree = "<group>"; };
		8A8E99B11EEEA0C500B939B1 /* AMPTableViewCell.m */ = {isa = PBXFileReference; fileEncoding = 4; lastKnownFileType = sourcecode.c.objc; path = AMPTableViewCell.m; sourceTree = "<group>"; };
		8A8E99BA1EEEA4B800B939B1 /* UINib+AMPExtensions.h */ = {isa = PBXFileReference; fileEncoding = 4; lastKnownFileType = sourcecode.c.h; path = "UINib+AMPExtensions.h"; sourceTree = "<group>"; };
		8A8E99BB1EEEA4B800B939B1 /* UINib+AMPExtensions.m */ = {isa = PBXFileReference; fileEncoding = 4; lastKnownFileType = sourcecode.c.objc; path = "UINib+AMPExtensions.m"; sourceTree = "<group>"; };
		8A8E99BE1EEEA9BF00B939B1 /* NSBundle+AMPExtensions.h */ = {isa = PBXFileReference; fileEncoding = 4; lastKnownFileType = sourcecode.c.h; path = "NSBundle+AMPExtensions.h"; sourceTree = "<group>"; };
		8A8E99BF1EEEA9BF00B939B1 /* NSBundle+AMPExtensions.m */ = {isa = PBXFileReference; fileEncoding = 4; lastKnownFileType = sourcecode.c.objc; path = "NSBundle+AMPExtensions.m"; sourceTree = "<group>"; };
		8A8E99C21EEEAC7E00B939B1 /* UITableView+AMPExtensions.h */ = {isa = PBXFileReference; fileEncoding = 4; lastKnownFileType = sourcecode.c.h; path = "UITableView+AMPExtensions.h"; sourceTree = "<group>"; };
		8A8E99C31EEEAC7E00B939B1 /* UITableView+AMPExtensions.m */ = {isa = PBXFileReference; fileEncoding = 4; lastKnownFileType = sourcecode.c.objc; path = "UITableView+AMPExtensions.m"; sourceTree = "<group>"; };
		8A8E99C61EEEAF4900B939B1 /* vw.jpg */ = {isa = PBXFileReference; lastKnownFileType = image.jpeg; path = vw.jpg; sourceTree = "<group>"; };
		8A8E99D01EEEC21500B939B1 /* NSIndexPath+AMPExtensions.h */ = {isa = PBXFileReference; fileEncoding = 4; lastKnownFileType = sourcecode.c.h; path = "NSIndexPath+AMPExtensions.h"; sourceTree = "<group>"; };
		8A8E99D11EEEC21500B939B1 /* NSIndexPath+AMPExtensions.m */ = {isa = PBXFileReference; fileEncoding = 4; lastKnownFileType = sourcecode.c.objc; path = "NSIndexPath+AMPExtensions.m"; sourceTree = "<group>"; };
		8A8E99DB1EF7090E00B939B1 /* AMPUserCell.h */ = {isa = PBXFileReference; fileEncoding = 4; lastKnownFileType = sourcecode.c.h; path = AMPUserCell.h; sourceTree = "<group>"; };
		8A8E99DC1EF7090E00B939B1 /* AMPUserCell.m */ = {isa = PBXFileReference; fileEncoding = 4; lastKnownFileType = sourcecode.c.objc; path = AMPUserCell.m; sourceTree = "<group>"; };
		8A8E99DD1EF7090E00B939B1 /* AMPUserCell.xib */ = {isa = PBXFileReference; fileEncoding = 4; lastKnownFileType = file.xib; path = AMPUserCell.xib; sourceTree = "<group>"; };
		8A8E9A091EF7EB3900B939B1 /* AMPUser.h */ = {isa = PBXFileReference; fileEncoding = 4; lastKnownFileType = sourcecode.c.h; path = AMPUser.h; sourceTree = "<group>"; };
		8A8E9A0A1EF7EB3900B939B1 /* AMPUser.m */ = {isa = PBXFileReference; fileEncoding = 4; lastKnownFileType = sourcecode.c.objc; path = AMPUser.m; sourceTree = "<group>"; };
		8A8E9A151EF8FDE300B939B1 /* AMPObjCUIStudyTests.xctest */ = {isa = PBXFileReference; explicitFileType = wrapper.cfbundle; includeInIndex = 0; path = AMPObjCUIStudyTests.xctest; sourceTree = BUILT_PRODUCTS_DIR; };
		8A8E9A191EF8FDE300B939B1 /* Info.plist */ = {isa = PBXFileReference; lastKnownFileType = text.plist.xml; path = Info.plist; sourceTree = "<group>"; };
		8A8E9A1F1EF9001800B939B1 /* AMPArrayModelSpec.m */ = {isa = PBXFileReference; fileEncoding = 4; lastKnownFileType = sourcecode.c.objc; path = AMPArrayModelSpec.m; sourceTree = "<group>"; };
		8A9FDDDC1EFA53E70008FD56 /* NSNotificationCenter+AMPExtensions.h */ = {isa = PBXFileReference; fileEncoding = 4; lastKnownFileType = sourcecode.c.h; path = "NSNotificationCenter+AMPExtensions.h"; sourceTree = "<group>"; };
		8A9FDDDD1EFA53E70008FD56 /* NSNotificationCenter+AMPExtensions.m */ = {isa = PBXFileReference; fileEncoding = 4; lastKnownFileType = sourcecode.c.objc; path = "NSNotificationCenter+AMPExtensions.m"; sourceTree = "<group>"; };
		8A9FDE041EFAB4E60008FD56 /* AMPGCDExtensions.h */ = {isa = PBXFileReference; fileEncoding = 4; lastKnownFileType = sourcecode.c.h; path = AMPGCDExtensions.h; sourceTree = "<group>"; };
		8A9FDE051EFAB4E60008FD56 /* AMPGCDExtensions.m */ = {isa = PBXFileReference; fileEncoding = 4; lastKnownFileType = sourcecode.c.objc; path = AMPGCDExtensions.m; sourceTree = "<group>"; };
		8A9FDE081EFCE6700008FD56 /* AMPImageModel.h */ = {isa = PBXFileReference; fileEncoding = 4; lastKnownFileType = sourcecode.c.h; path = AMPImageModel.h; sourceTree = "<group>"; };
		8A9FDE091EFCE6700008FD56 /* AMPImageModel.m */ = {isa = PBXFileReference; fileEncoding = 4; lastKnownFileType = sourcecode.c.objc; path = AMPImageModel.m; sourceTree = "<group>"; };
		8A9FDE181EFD06EB0008FD56 /* vw_240.jpg */ = {isa = PBXFileReference; lastKnownFileType = image.jpeg; path = vw_240.jpg; sourceTree = "<group>"; };
		8A9FDE1B1EFD9CF20008FD56 /* AMPImageView.h */ = {isa = PBXFileReference; fileEncoding = 4; lastKnownFileType = sourcecode.c.h; path = AMPImageView.h; sourceTree = "<group>"; };
		8A9FDE1C1EFD9CF20008FD56 /* AMPImageView.m */ = {isa = PBXFileReference; fileEncoding = 4; lastKnownFileType = sourcecode.c.objc; path = AMPImageView.m; sourceTree = "<group>"; };
		8A9FDE341F0191640008FD56 /* AMPUsersModel.h */ = {isa = PBXFileReference; fileEncoding = 4; lastKnownFileType = sourcecode.c.h; path = AMPUsersModel.h; sourceTree = "<group>"; };
		8A9FDE351F0191640008FD56 /* AMPUsersModel.m */ = {isa = PBXFileReference; fileEncoding = 4; lastKnownFileType = sourcecode.c.objc; path = AMPUsersModel.m; sourceTree = "<group>"; };
		8ACB3E771EEC0632004A8B89 /* CGGeometry+AMPExtensions.h */ = {isa = PBXFileReference; fileEncoding = 4; lastKnownFileType = sourcecode.c.h; path = "CGGeometry+AMPExtensions.h"; sourceTree = "<group>"; };
		8ACB3E791EEC0632004A8B89 /* UIWindow+AMPExtensions.h */ = {isa = PBXFileReference; fileEncoding = 4; lastKnownFileType = sourcecode.c.h; path = "UIWindow+AMPExtensions.h"; sourceTree = "<group>"; };
		8ACB3E7A1EEC0632004A8B89 /* UIWindow+AMPExtensions.m */ = {isa = PBXFileReference; fileEncoding = 4; lastKnownFileType = sourcecode.c.objc; path = "UIWindow+AMPExtensions.m"; sourceTree = "<group>"; };
		8ACB3E861EED3FC5004A8B89 /* AMPUsersViewController.h */ = {isa = PBXFileReference; fileEncoding = 4; lastKnownFileType = sourcecode.c.h; path = AMPUsersViewController.h; sourceTree = "<group>"; };
		8ACB3E871EED3FC5004A8B89 /* AMPUsersViewController.m */ = {isa = PBXFileReference; fileEncoding = 4; lastKnownFileType = sourcecode.c.objc; path = AMPUsersViewController.m; sourceTree = "<group>"; };
		8ACB3E881EED3FC5004A8B89 /* AMPUsersViewController.xib */ = {isa = PBXFileReference; fileEncoding = 4; lastKnownFileType = file.xib; path = AMPUsersViewController.xib; sourceTree = "<group>"; };
		8ACB3E8B1EED3FC5004A8B89 /* AMPSquareView.h */ = {isa = PBXFileReference; fileEncoding = 4; lastKnownFileType = sourcecode.c.h; path = AMPSquareView.h; sourceTree = "<group>"; };
		8ACB3E8C1EED3FC5004A8B89 /* AMPSquareView.m */ = {isa = PBXFileReference; fileEncoding = 4; lastKnownFileType = sourcecode.c.objc; path = AMPSquareView.m; sourceTree = "<group>"; };
		8ACB3E8D1EED3FC5004A8B89 /* AMPViewController.h */ = {isa = PBXFileReference; fileEncoding = 4; lastKnownFileType = sourcecode.c.h; path = AMPViewController.h; sourceTree = "<group>"; };
		8ACB3E8E1EED3FC5004A8B89 /* AMPViewController.m */ = {isa = PBXFileReference; fileEncoding = 4; lastKnownFileType = sourcecode.c.objc; path = AMPViewController.m; sourceTree = "<group>"; };
		8ACB3E8F1EED3FC5004A8B89 /* AMPViewController.xib */ = {isa = PBXFileReference; fileEncoding = 4; lastKnownFileType = file.xib; path = AMPViewController.xib; sourceTree = "<group>"; };
		8ACB3E951EED40B8004A8B89 /* AMPUsersView.h */ = {isa = PBXFileReference; fileEncoding = 4; lastKnownFileType = sourcecode.c.h; path = AMPUsersView.h; sourceTree = "<group>"; };
		8ACB3E961EED40B8004A8B89 /* AMPUsersView.m */ = {isa = PBXFileReference; fileEncoding = 4; lastKnownFileType = sourcecode.c.objc; path = AMPUsersView.m; sourceTree = "<group>"; };
		8ACB3EA11EED4420004A8B89 /* NSString+AMPRandom.h */ = {isa = PBXFileReference; fileEncoding = 4; lastKnownFileType = sourcecode.c.h; path = "NSString+AMPRandom.h"; sourceTree = "<group>"; };
		8ACB3EA21EED4420004A8B89 /* NSString+AMPRandom.m */ = {isa = PBXFileReference; fileEncoding = 4; lastKnownFileType = sourcecode.c.objc; path = "NSString+AMPRandom.m"; sourceTree = "<group>"; };
		8ACB3EA91EEE8EAA004A8B89 /* AMPObservableObject.h */ = {isa = PBXFileReference; fileEncoding = 4; lastKnownFileType = sourcecode.c.h; path = AMPObservableObject.h; sourceTree = "<group>"; };
		8ACB3EAA1EEE8EAA004A8B89 /* AMPObservableObject.m */ = {isa = PBXFileReference; fileEncoding = 4; lastKnownFileType = sourcecode.c.objc; path = AMPObservableObject.m; sourceTree = "<group>"; };
		8ACB3EAD1EEE955E004A8B89 /* NSArray+AMPExtensions.h */ = {isa = PBXFileReference; fileEncoding = 4; lastKnownFileType = sourcecode.c.h; path = "NSArray+AMPExtensions.h"; sourceTree = "<group>"; };
		8ACB3EAE1EEE955E004A8B89 /* NSArray+AMPExtensions.m */ = {isa = PBXFileReference; fileEncoding = 4; lastKnownFileType = sourcecode.c.objc; path = "NSArray+AMPExtensions.m"; sourceTree = "<group>"; };
		8ACB3EB11EEE95A6004A8B89 /* NSObject+AMPExtensions.h */ = {isa = PBXFileReference; fileEncoding = 4; lastKnownFileType = sourcecode.c.h; path = "NSObject+AMPExtensions.h"; sourceTree = "<group>"; };
		8ACB3EB21EEE95A6004A8B89 /* NSObject+AMPExtensions.m */ = {isa = PBXFileReference; fileEncoding = 4; lastKnownFileType = sourcecode.c.objc; path = "NSObject+AMPExtensions.m"; sourceTree = "<group>"; };
		8AFA2AE91F05896F00D5A566 /* AMPArrayModel.h */ = {isa = PBXFileReference; fileEncoding = 4; lastKnownFileType = sourcecode.c.h; path = AMPArrayModel.h; sourceTree = "<group>"; };
		8AFA2AEA1F05896F00D5A566 /* AMPArrayModel.m */ = {isa = PBXFileReference; fileEncoding = 4; lastKnownFileType = sourcecode.c.objc; path = AMPArrayModel.m; sourceTree = "<group>"; };
		8AFA2AEC1F05896F00D5A566 /* AMPArrayModelChange.h */ = {isa = PBXFileReference; fileEncoding = 4; lastKnownFileType = sourcecode.c.h; path = AMPArrayModelChange.h; sourceTree = "<group>"; };
		8AFA2AED1F05896F00D5A566 /* AMPArrayModelChange.m */ = {isa = PBXFileReference; fileEncoding = 4; lastKnownFileType = sourcecode.c.objc; path = AMPArrayModelChange.m; sourceTree = "<group>"; };
		8AFA2AEF1F05896F00D5A566 /* AMPArrayModelChangeDelete.h */ = {isa = PBXFileReference; fileEncoding = 4; lastKnownFileType = sourcecode.c.h; path = AMPArrayModelChangeDelete.h; sourceTree = "<group>"; };
		8AFA2AF01F05896F00D5A566 /* AMPArrayModelChangeDelete.m */ = {isa = PBXFileReference; fileEncoding = 4; lastKnownFileType = sourcecode.c.objc; path = AMPArrayModelChangeDelete.m; sourceTree = "<group>"; };
		8AFA2AF21F05896F00D5A566 /* AMPArrayModelChangeInsert.h */ = {isa = PBXFileReference; fileEncoding = 4; lastKnownFileType = sourcecode.c.h; path = AMPArrayModelChangeInsert.h; sourceTree = "<group>"; };
		8AFA2AF31F05896F00D5A566 /* AMPArrayModelChangeInsert.m */ = {isa = PBXFileReference; fileEncoding = 4; lastKnownFileType = sourcecode.c.objc; path = AMPArrayModelChangeInsert.m; sourceTree = "<group>"; };
		8AFA2AF51F05896F00D5A566 /* AMPArrayModelChangeMove.h */ = {isa = PBXFileReference; fileEncoding = 4; lastKnownFileType = sourcecode.c.h; path = AMPArrayModelChangeMove.h; sourceTree = "<group>"; };
		8AFA2AF61F05896F00D5A566 /* AMPArrayModelChangeMove.m */ = {isa = PBXFileReference; fileEncoding = 4; lastKnownFileType = sourcecode.c.objc; path = AMPArrayModelChangeMove.m; sourceTree = "<group>"; };
		8AFA2AF81F05896F00D5A566 /* AMPArrayModel+AMPPrivate.h */ = {isa = PBXFileReference; fileEncoding = 4; lastKnownFileType = sourcecode.c.h; path = "AMPArrayModel+AMPPrivate.h"; sourceTree = "<group>"; };
		8AFA2AFA1F05896F00D5A566 /* AMPModel.h */ = {isa = PBXFileReference; fileEncoding = 4; lastKnownFileType = sourcecode.c.h; path = AMPModel.h; sourceTree = "<group>"; };
		8AFA2AFB1F05896F00D5A566 /* AMPModel.m */ = {isa = PBXFileReference; fileEncoding = 4; lastKnownFileType = sourcecode.c.objc; path = AMPModel.m; sourceTree = "<group>"; };
		8AFA2B061F0589C000D5A566 /* AMPLoadingView.h */ = {isa = PBXFileReference; fileEncoding = 4; lastKnownFileType = sourcecode.c.h; path = AMPLoadingView.h; sourceTree = "<group>"; };
		8AFA2B071F0589C000D5A566 /* AMPLoadingView.m */ = {isa = PBXFileReference; fileEncoding = 4; lastKnownFileType = sourcecode.c.objc; path = AMPLoadingView.m; sourceTree = "<group>"; };
		8AFA2B081F0589C000D5A566 /* AMPLoadingView.xib */ = {isa = PBXFileReference; fileEncoding = 4; lastKnownFileType = file.xib; path = AMPLoadingView.xib; sourceTree = "<group>"; };
		8AFA2B0A1F0589C000D5A566 /* AMPView+AMPLoadingView.h */ = {isa = PBXFileReference; fileEncoding = 4; lastKnownFileType = sourcecode.c.h; path = "AMPView+AMPLoadingView.h"; sourceTree = "<group>"; };
		8AFA2B0B1F0589C000D5A566 /* AMPView+AMPLoadingView.m */ = {isa = PBXFileReference; fileEncoding = 4; lastKnownFileType = sourcecode.c.objc; path = "AMPView+AMPLoadingView.m"; sourceTree = "<group>"; };
		8AFA2B0C1F0589C000D5A566 /* AMPView.h */ = {isa = PBXFileReference; fileEncoding = 4; lastKnownFileType = sourcecode.c.h; path = AMPView.h; sourceTree = "<group>"; };
		8AFA2B0D1F0589C000D5A566 /* AMPView.m */ = {isa = PBXFileReference; fileEncoding = 4; lastKnownFileType = sourcecode.c.objc; path = AMPView.m; sourceTree = "<group>"; };
		D3AD010F491C21DFD54CFD76 /* libPods-AMPObjCUIStudyTests.a */ = {isa = PBXFileReference; explicitFileType = archive.ar; includeInIndex = 0; path = "libPods-AMPObjCUIStudyTests.a"; sourceTree = BUILT_PRODUCTS_DIR; };
/* End PBXFileReference section */

/* Begin PBXFrameworksBuildPhase section */
		8A4E558E1EE19AB4007B5B51 /* Frameworks */ = {
			isa = PBXFrameworksBuildPhase;
			buildActionMask = 2147483647;
			files = (
				FD483BB2248B6508EE5F4847 /* libPods-AMPObjCUIStudy.a in Frameworks */,
			);
			runOnlyForDeploymentPostprocessing = 0;
		};
		8A8E9A121EF8FDE300B939B1 /* Frameworks */ = {
			isa = PBXFrameworksBuildPhase;
			buildActionMask = 2147483647;
			files = (
				F652972F32B0DBF57D210368 /* libPods-AMPObjCUIStudyTests.a in Frameworks */,
			);
			runOnlyForDeploymentPostprocessing = 0;
		};
/* End PBXFrameworksBuildPhase section */

/* Begin PBXGroup section */
		7B390D8F6BA0B4CB3A356EF1 /* Frameworks */ = {
			isa = PBXGroup;
			children = (
				873ACF5CAEA1D024A4AFB461 /* libPods-AMPObjCUIStudy.a */,
				D3AD010F491C21DFD54CFD76 /* libPods-AMPObjCUIStudyTests.a */,
			);
			name = Frameworks;
			sourceTree = "<group>";
		};
		8A248B181EE1ABD50039958F /* Library */ = {
			isa = PBXGroup;
			children = (
				8AFA2B041F05897300D5A566 /* Views */,
				8AFA2AE71F05896F00D5A566 /* Models */,
				8ACB3E761EEC0632004A8B89 /* Categories */,
				8ACB3EA81EEE8EAA004A8B89 /* AMPObservableObject */,
				8A8E99AF1EEEA0A200B939B1 /* AMPTableViewCell */,
				8A9FDE031EFAB4E60008FD56 /* AMPGCDExtensions */,
				8A248B211EE2E1410039958F /* AMPRandom.h */,
				8A248B221EE2E1410039958F /* AMPRandom.m */,
				8A248B191EE1AC000039958F /* AMPMacro.h */,
			);
			path = Library;
			sourceTree = "<group>";
		};
		8A4E55881EE19AB4007B5B51 = {
			isa = PBXGroup;
			children = (
				8A248B181EE1ABD50039958F /* Library */,
				8A4E55AC1EE19AF0007B5B51 /* Sources */,
				8A4E55AD1EE19B28007B5B51 /* AMPObjCUIStudy */,
				8A4E55B21EE19B28007B5B51 /* Resources */,
				8A8E9A161EF8FDE300B939B1 /* AMPObjCUIStudyTests */,
				8A4E55921EE19AB4007B5B51 /* Products */,
				BE0040CD41B677017220C2AC /* Pods */,
				7B390D8F6BA0B4CB3A356EF1 /* Frameworks */,
			);
			sourceTree = "<group>";
		};
		8A4E55921EE19AB4007B5B51 /* Products */ = {
			isa = PBXGroup;
			children = (
				8A4E55911EE19AB4007B5B51 /* AMPObjCUIStudy.app */,
				8A8E9A151EF8FDE300B939B1 /* AMPObjCUIStudyTests.xctest */,
			);
			name = Products;
			sourceTree = "<group>";
		};
		8A4E55AC1EE19AF0007B5B51 /* Sources */ = {
			isa = PBXGroup;
			children = (
				8ACB3E841EED3FC5004A8B89 /* UI */,
				8A8E99F71EF7EB3900B939B1 /* Models */,
			);
			path = Sources;
			sourceTree = "<group>";
		};
		8A4E55AD1EE19B28007B5B51 /* AMPObjCUIStudy */ = {
			isa = PBXGroup;
			children = (
				8A4E55AE1EE19B28007B5B51 /* AMPAppDelegate.h */,
				8A4E55AF1EE19B28007B5B51 /* AMPAppDelegate.m */,
				8A4E55B01EE19B28007B5B51 /* Info.plist */,
				8A4E55B11EE19B28007B5B51 /* main.m */,
			);
			path = AMPObjCUIStudy;
			sourceTree = "<group>";
		};
		8A4E55B21EE19B28007B5B51 /* Resources */ = {
			isa = PBXGroup;
			children = (
				8A8E99C51EEEAF4900B939B1 /* Images */,
				8A4E55B31EE19B28007B5B51 /* Assets.xcassets */,
				8A4E55B41EE19B28007B5B51 /* LaunchScreen.storyboard */,
			);
			path = Resources;
			sourceTree = "<group>";
		};
		8A8E99AF1EEEA0A200B939B1 /* AMPTableViewCell */ = {
			isa = PBXGroup;
			children = (
				8A8E99B01EEEA0C500B939B1 /* AMPTableViewCell.h */,
				8A8E99B11EEEA0C500B939B1 /* AMPTableViewCell.m */,
			);
			path = AMPTableViewCell;
			sourceTree = "<group>";
		};
		8A8E99B91EEEA49500B939B1 /* UINib+AMPExtensions */ = {
			isa = PBXGroup;
			children = (
				8A8E99BA1EEEA4B800B939B1 /* UINib+AMPExtensions.h */,
				8A8E99BB1EEEA4B800B939B1 /* UINib+AMPExtensions.m */,
			);
			path = "UINib+AMPExtensions";
			sourceTree = "<group>";
		};
		8A8E99BD1EEEA99D00B939B1 /* NSBundle+AMPExtensions */ = {
			isa = PBXGroup;
			children = (
				8A8E99BE1EEEA9BF00B939B1 /* NSBundle+AMPExtensions.h */,
				8A8E99BF1EEEA9BF00B939B1 /* NSBundle+AMPExtensions.m */,
			);
			path = "NSBundle+AMPExtensions";
			sourceTree = "<group>";
		};
		8A8E99C11EEEAC5200B939B1 /* UITableView+AMPExtensions */ = {
			isa = PBXGroup;
			children = (
				8A8E99C21EEEAC7E00B939B1 /* UITableView+AMPExtensions.h */,
				8A8E99C31EEEAC7E00B939B1 /* UITableView+AMPExtensions.m */,
			);
			path = "UITableView+AMPExtensions";
			sourceTree = "<group>";
		};
		8A8E99C51EEEAF4900B939B1 /* Images */ = {
			isa = PBXGroup;
			children = (
				8A8E99C61EEEAF4900B939B1 /* vw.jpg */,
				8A9FDE181EFD06EB0008FD56 /* vw_240.jpg */,
			);
			path = Images;
			sourceTree = "<group>";
		};
		8A8E99CF1EEEC1F000B939B1 /* NSIndexPath+AMPExtensions */ = {
			isa = PBXGroup;
			children = (
				8A8E99D01EEEC21500B939B1 /* NSIndexPath+AMPExtensions.h */,
				8A8E99D11EEEC21500B939B1 /* NSIndexPath+AMPExtensions.m */,
			);
			path = "NSIndexPath+AMPExtensions";
			sourceTree = "<group>";
		};
		8A8E99DA1EF7090E00B939B1 /* AMPUserCell */ = {
			isa = PBXGroup;
			children = (
				8A9FDE1A1EFD9CF20008FD56 /* AMPImageView */,
				8A8E99DB1EF7090E00B939B1 /* AMPUserCell.h */,
				8A8E99DC1EF7090E00B939B1 /* AMPUserCell.m */,
				8A8E99DD1EF7090E00B939B1 /* AMPUserCell.xib */,
			);
			path = AMPUserCell;
			sourceTree = "<group>";
		};
		8A8E99F71EF7EB3900B939B1 /* Models */ = {
			isa = PBXGroup;
			children = (
				8A9FDE321F0191400008FD56 /* AMPUsersModel */,
				8A9FDE071EFCE6490008FD56 /* AMPImageModel */,
				8A8E9A081EF7EB3900B939B1 /* AMPUser */,
			);
			path = Models;
			sourceTree = "<group>";
		};
		8A8E9A081EF7EB3900B939B1 /* AMPUser */ = {
			isa = PBXGroup;
			children = (
				8A8E9A091EF7EB3900B939B1 /* AMPUser.h */,
				8A8E9A0A1EF7EB3900B939B1 /* AMPUser.m */,
			);
			path = AMPUser;
			sourceTree = "<group>";
		};
		8A8E9A161EF8FDE300B939B1 /* AMPObjCUIStudyTests */ = {
			isa = PBXGroup;
			children = (
				8A8E9A1F1EF9001800B939B1 /* AMPArrayModelSpec.m */,
				8A8E9A191EF8FDE300B939B1 /* Info.plist */,
			);
			path = AMPObjCUIStudyTests;
			sourceTree = "<group>";
		};
		8A9FDDDB1EFA53B90008FD56 /* NSNotificationCenter+AMPExtensions */ = {
			isa = PBXGroup;
			children = (
				8A9FDDDC1EFA53E70008FD56 /* NSNotificationCenter+AMPExtensions.h */,
				8A9FDDDD1EFA53E70008FD56 /* NSNotificationCenter+AMPExtensions.m */,
			);
			path = "NSNotificationCenter+AMPExtensions";
			sourceTree = "<group>";
		};
		8A9FDE031EFAB4E60008FD56 /* AMPGCDExtensions */ = {
			isa = PBXGroup;
			children = (
				8A9FDE041EFAB4E60008FD56 /* AMPGCDExtensions.h */,
				8A9FDE051EFAB4E60008FD56 /* AMPGCDExtensions.m */,
			);
			path = AMPGCDExtensions;
			sourceTree = "<group>";
		};
		8A9FDE071EFCE6490008FD56 /* AMPImageModel */ = {
			isa = PBXGroup;
			children = (
				8A9FDE081EFCE6700008FD56 /* AMPImageModel.h */,
				8A9FDE091EFCE6700008FD56 /* AMPImageModel.m */,
			);
			path = AMPImageModel;
			sourceTree = "<group>";
		};
		8A9FDE1A1EFD9CF20008FD56 /* AMPImageView */ = {
			isa = PBXGroup;
			children = (
				8A9FDE1B1EFD9CF20008FD56 /* AMPImageView.h */,
				8A9FDE1C1EFD9CF20008FD56 /* AMPImageView.m */,
			);
			path = AMPImageView;
			sourceTree = "<group>";
		};
		8A9FDE321F0191400008FD56 /* AMPUsersModel */ = {
			isa = PBXGroup;
			children = (
				8A9FDE341F0191640008FD56 /* AMPUsersModel.h */,
				8A9FDE351F0191640008FD56 /* AMPUsersModel.m */,
			);
			path = AMPUsersModel;
			sourceTree = "<group>";
		};
		8ACB3E761EEC0632004A8B89 /* Categories */ = {
			isa = PBXGroup;
			children = (
				8A9FDDDB1EFA53B90008FD56 /* NSNotificationCenter+AMPExtensions */,
				8A8E99CF1EEEC1F000B939B1 /* NSIndexPath+AMPExtensions */,
				8A8E99C11EEEAC5200B939B1 /* UITableView+AMPExtensions */,
				8A8E99BD1EEEA99D00B939B1 /* NSBundle+AMPExtensions */,
				8A8E99B91EEEA49500B939B1 /* UINib+AMPExtensions */,
				8ACB3EB01EEE95A6004A8B89 /* NSObject+AMpextensions */,
				8ACB3EAC1EEE951E004A8B89 /* NSArray+AMPExtensions */,
				8ACB3EA01EED43F1004A8B89 /* NSString+AMPExtensions */,
				8ACB3E781EEC0632004A8B89 /* UIWindow+AMPExtensions */,
				8ACB3E771EEC0632004A8B89 /* CGGeometry+AMPExtensions.h */,
			);
			path = Categories;
			sourceTree = "<group>";
		};
		8ACB3E781EEC0632004A8B89 /* UIWindow+AMPExtensions */ = {
			isa = PBXGroup;
			children = (
				8ACB3E791EEC0632004A8B89 /* UIWindow+AMPExtensions.h */,
				8ACB3E7A1EEC0632004A8B89 /* UIWindow+AMPExtensions.m */,
			);
			path = "UIWindow+AMPExtensions";
			sourceTree = "<group>";
		};
		8ACB3E841EED3FC5004A8B89 /* UI */ = {
			isa = PBXGroup;
			children = (
				8ACB3E851EED3FC5004A8B89 /* AMPUsersViewController */,
				8ACB3E891EED3FC5004A8B89 /* AMPViewController */,
			);
			path = UI;
			sourceTree = "<group>";
		};
		8ACB3E851EED3FC5004A8B89 /* AMPUsersViewController */ = {
			isa = PBXGroup;
			children = (
				8A8E99DA1EF7090E00B939B1 /* AMPUserCell */,
				8ACB3E861EED3FC5004A8B89 /* AMPUsersViewController.h */,
				8ACB3E871EED3FC5004A8B89 /* AMPUsersViewController.m */,
				8ACB3E881EED3FC5004A8B89 /* AMPUsersViewController.xib */,
				8ACB3E951EED40B8004A8B89 /* AMPUsersView.h */,
				8ACB3E961EED40B8004A8B89 /* AMPUsersView.m */,
			);
			path = AMPUsersViewController;
			sourceTree = "<group>";
		};
		8ACB3E891EED3FC5004A8B89 /* AMPViewController */ = {
			isa = PBXGroup;
			children = (
				8ACB3E8A1EED3FC5004A8B89 /* AMPSquareView */,
				8ACB3E8D1EED3FC5004A8B89 /* AMPViewController.h */,
				8ACB3E8E1EED3FC5004A8B89 /* AMPViewController.m */,
				8ACB3E8F1EED3FC5004A8B89 /* AMPViewController.xib */,
			);
			path = AMPViewController;
			sourceTree = "<group>";
		};
		8ACB3E8A1EED3FC5004A8B89 /* AMPSquareView */ = {
			isa = PBXGroup;
			children = (
				8ACB3E8B1EED3FC5004A8B89 /* AMPSquareView.h */,
				8ACB3E8C1EED3FC5004A8B89 /* AMPSquareView.m */,
			);
			path = AMPSquareView;
			sourceTree = "<group>";
		};
		8ACB3EA01EED43F1004A8B89 /* NSString+AMPExtensions */ = {
			isa = PBXGroup;
			children = (
				8ACB3EA11EED4420004A8B89 /* NSString+AMPRandom.h */,
				8ACB3EA21EED4420004A8B89 /* NSString+AMPRandom.m */,
			);
			path = "NSString+AMPExtensions";
			sourceTree = "<group>";
		};
		8ACB3EA81EEE8EAA004A8B89 /* AMPObservableObject */ = {
			isa = PBXGroup;
			children = (
				8ACB3EA91EEE8EAA004A8B89 /* AMPObservableObject.h */,
				8ACB3EAA1EEE8EAA004A8B89 /* AMPObservableObject.m */,
			);
			path = AMPObservableObject;
			sourceTree = "<group>";
		};
		8ACB3EAC1EEE951E004A8B89 /* NSArray+AMPExtensions */ = {
			isa = PBXGroup;
			children = (
				8ACB3EAD1EEE955E004A8B89 /* NSArray+AMPExtensions.h */,
				8ACB3EAE1EEE955E004A8B89 /* NSArray+AMPExtensions.m */,
			);
			path = "NSArray+AMPExtensions";
			sourceTree = "<group>";
		};
		8ACB3EB01EEE95A6004A8B89 /* NSObject+AMpextensions */ = {
			isa = PBXGroup;
			children = (
				8ACB3EB11EEE95A6004A8B89 /* NSObject+AMPExtensions.h */,
				8ACB3EB21EEE95A6004A8B89 /* NSObject+AMPExtensions.m */,
			);
			path = "NSObject+AMpextensions";
			sourceTree = "<group>";
		};
		8AFA2AE71F05896F00D5A566 /* Models */ = {
			isa = PBXGroup;
			children = (
				8AFA2AF91F05896F00D5A566 /* AMPModel */,
				8AFA2AE81F05896F00D5A566 /* AMPArrayModel */,
			);
			path = Models;
			sourceTree = "<group>";
		};
		8AFA2AE81F05896F00D5A566 /* AMPArrayModel */ = {
			isa = PBXGroup;
			children = (
				8AFA2AEB1F05896F00D5A566 /* AMPArrayModelChange */,
				8AFA2AF71F05896F00D5A566 /* Private */,
				8AFA2AE91F05896F00D5A566 /* AMPArrayModel.h */,
				8AFA2AEA1F05896F00D5A566 /* AMPArrayModel.m */,
			);
			path = AMPArrayModel;
			sourceTree = "<group>";
		};
		8AFA2AEB1F05896F00D5A566 /* AMPArrayModelChange */ = {
			isa = PBXGroup;
			children = (
				8AFA2AEC1F05896F00D5A566 /* AMPArrayModelChange.h */,
				8AFA2AED1F05896F00D5A566 /* AMPArrayModelChange.m */,
				8AFA2AEE1F05896F00D5A566 /* AMPArrayModelChangeDelete */,
				8AFA2AF11F05896F00D5A566 /* AMPArrayModelChangeInsert */,
				8AFA2AF41F05896F00D5A566 /* AMPArrayModelChangeMove */,
			);
			path = AMPArrayModelChange;
			sourceTree = "<group>";
		};
		8AFA2AEE1F05896F00D5A566 /* AMPArrayModelChangeDelete */ = {
			isa = PBXGroup;
			children = (
				8AFA2AEF1F05896F00D5A566 /* AMPArrayModelChangeDelete.h */,
				8AFA2AF01F05896F00D5A566 /* AMPArrayModelChangeDelete.m */,
			);
			path = AMPArrayModelChangeDelete;
			sourceTree = "<group>";
		};
		8AFA2AF11F05896F00D5A566 /* AMPArrayModelChangeInsert */ = {
			isa = PBXGroup;
			children = (
				8AFA2AF21F05896F00D5A566 /* AMPArrayModelChangeInsert.h */,
				8AFA2AF31F05896F00D5A566 /* AMPArrayModelChangeInsert.m */,
			);
			path = AMPArrayModelChangeInsert;
			sourceTree = "<group>";
		};
		8AFA2AF41F05896F00D5A566 /* AMPArrayModelChangeMove */ = {
			isa = PBXGroup;
			children = (
				8AFA2AF51F05896F00D5A566 /* AMPArrayModelChangeMove.h */,
				8AFA2AF61F05896F00D5A566 /* AMPArrayModelChangeMove.m */,
			);
			path = AMPArrayModelChangeMove;
			sourceTree = "<group>";
		};
		8AFA2AF71F05896F00D5A566 /* Private */ = {
			isa = PBXGroup;
			children = (
				8AFA2AF81F05896F00D5A566 /* AMPArrayModel+AMPPrivate.h */,
			);
			path = Private;
			sourceTree = "<group>";
		};
		8AFA2AF91F05896F00D5A566 /* AMPModel */ = {
			isa = PBXGroup;
			children = (
				8AFA2AFA1F05896F00D5A566 /* AMPModel.h */,
				8AFA2AFB1F05896F00D5A566 /* AMPModel.m */,
			);
			path = AMPModel;
			sourceTree = "<group>";
		};
		8AFA2B041F05897300D5A566 /* Views */ = {
			isa = PBXGroup;
			children = (
				8AFA2B091F0589C000D5A566 /* AMPView */,
				8AFA2B051F0589C000D5A566 /* AMPLoadingView */,
			);
			path = Views;
			sourceTree = "<group>";
		};
		8AFA2B051F0589C000D5A566 /* AMPLoadingView */ = {
			isa = PBXGroup;
			children = (
				8AFA2B061F0589C000D5A566 /* AMPLoadingView.h */,
				8AFA2B071F0589C000D5A566 /* AMPLoadingView.m */,
				8AFA2B081F0589C000D5A566 /* AMPLoadingView.xib */,
			);
			path = AMPLoadingView;
			sourceTree = "<group>";
		};
		8AFA2B091F0589C000D5A566 /* AMPView */ = {
			isa = PBXGroup;
			children = (
				8AFA2B0C1F0589C000D5A566 /* AMPView.h */,
				8AFA2B0D1F0589C000D5A566 /* AMPView.m */,
				8AFA2B0A1F0589C000D5A566 /* AMPView+AMPLoadingView.h */,
				8AFA2B0B1F0589C000D5A566 /* AMPView+AMPLoadingView.m */,
			);
			path = AMPView;
			sourceTree = "<group>";
		};
		BE0040CD41B677017220C2AC /* Pods */ = {
			isa = PBXGroup;
			children = (
				2B8B00711BFE91269F7430D9 /* Pods-AMPObjCUIStudy.debug.xcconfig */,
				4D19272AA57E3EABB6B87DC1 /* Pods-AMPObjCUIStudy.release.xcconfig */,
				1A26A3238A0013F718795815 /* Pods-AMPObjCUIStudyTests.debug.xcconfig */,
				8049E956D4029D1C1B78245D /* Pods-AMPObjCUIStudyTests.release.xcconfig */,
			);
			name = Pods;
			sourceTree = "<group>";
		};
/* End PBXGroup section */

/* Begin PBXNativeTarget section */
		8A4E55901EE19AB4007B5B51 /* AMPObjCUIStudy */ = {
			isa = PBXNativeTarget;
			buildConfigurationList = 8A4E55A81EE19AB4007B5B51 /* Build configuration list for PBXNativeTarget "AMPObjCUIStudy" */;
			buildPhases = (
				AC903EF3267B607FFB4A6EFD /* [CP] Check Pods Manifest.lock */,
				8A4E558D1EE19AB4007B5B51 /* Sources */,
				8A4E558E1EE19AB4007B5B51 /* Frameworks */,
				8A4E558F1EE19AB4007B5B51 /* Resources */,
				0CAB38DFC3A787F8E9A1304C /* [CP] Embed Pods Frameworks */,
				9E8F5772A149D14CDB32EC7C /* [CP] Copy Pods Resources */,
			);
			buildRules = (
			);
			dependencies = (
			);
			name = AMPObjCUIStudy;
			productName = AMPObjCUIStudy;
			productReference = 8A4E55911EE19AB4007B5B51 /* AMPObjCUIStudy.app */;
			productType = "com.apple.product-type.application";
		};
		8A8E9A141EF8FDE300B939B1 /* AMPObjCUIStudyTests */ = {
			isa = PBXNativeTarget;
			buildConfigurationList = 8A8E9A1E1EF8FDE300B939B1 /* Build configuration list for PBXNativeTarget "AMPObjCUIStudyTests" */;
			buildPhases = (
				2EC29AD2283E33B6AB4A5EDD /* [CP] Check Pods Manifest.lock */,
				8A8E9A111EF8FDE300B939B1 /* Sources */,
				8A8E9A121EF8FDE300B939B1 /* Frameworks */,
				8A8E9A131EF8FDE300B939B1 /* Resources */,
				0A4B7FFC74F809701427529E /* [CP] Embed Pods Frameworks */,
				424F3CD6254DC15228E7D318 /* [CP] Copy Pods Resources */,
			);
			buildRules = (
			);
			dependencies = (
				8A8E9A1B1EF8FDE300B939B1 /* PBXTargetDependency */,
			);
			name = AMPObjCUIStudyTests;
			productName = AMPObjCUIStudyTests;
			productReference = 8A8E9A151EF8FDE300B939B1 /* AMPObjCUIStudyTests.xctest */;
			productType = "com.apple.product-type.bundle.unit-test";
		};
/* End PBXNativeTarget section */

/* Begin PBXProject section */
		8A4E55891EE19AB4007B5B51 /* Project object */ = {
			isa = PBXProject;
			attributes = {
				LastUpgradeCheck = 0830;
				ORGANIZATIONNAME = pilotns;
				TargetAttributes = {
					8A4E55901EE19AB4007B5B51 = {
						CreatedOnToolsVersion = 8.3.2;
						DevelopmentTeam = FWP6H8H8UZ;
						ProvisioningStyle = Automatic;
					};
					8A8E9A141EF8FDE300B939B1 = {
						CreatedOnToolsVersion = 8.3.3;
						DevelopmentTeam = FWP6H8H8UZ;
						ProvisioningStyle = Automatic;
						TestTargetID = 8A4E55901EE19AB4007B5B51;
					};
				};
			};
			buildConfigurationList = 8A4E558C1EE19AB4007B5B51 /* Build configuration list for PBXProject "AMPObjCUIStudy" */;
			compatibilityVersion = "Xcode 3.2";
			developmentRegion = English;
			hasScannedForEncodings = 0;
			knownRegions = (
				en,
				Base,
			);
			mainGroup = 8A4E55881EE19AB4007B5B51;
			productRefGroup = 8A4E55921EE19AB4007B5B51 /* Products */;
			projectDirPath = "";
			projectRoot = "";
			targets = (
				8A4E55901EE19AB4007B5B51 /* AMPObjCUIStudy */,
				8A8E9A141EF8FDE300B939B1 /* AMPObjCUIStudyTests */,
			);
		};
/* End PBXProject section */

/* Begin PBXResourcesBuildPhase section */
		8A4E558F1EE19AB4007B5B51 /* Resources */ = {
			isa = PBXResourcesBuildPhase;
			buildActionMask = 2147483647;
			files = (
				8ACB3E911EED3FC5004A8B89 /* AMPUsersViewController.xib in Resources */,
				8A4E55BD1EE19C02007B5B51 /* Assets.xcassets in Resources */,
				8AFA2B0F1F0589C000D5A566 /* AMPLoadingView.xib in Resources */,
				8A8E99C71EEEAF4900B939B1 /* vw.jpg in Resources */,
				8A9FDE191EFD06EB0008FD56 /* vw_240.jpg in Resources */,
				8A8E99DF1EF7090E00B939B1 /* AMPUserCell.xib in Resources */,
				8A4E55BC1EE19BFD007B5B51 /* LaunchScreen.storyboard in Resources */,
				8ACB3E941EED3FC5004A8B89 /* AMPViewController.xib in Resources */,
			);
			runOnlyForDeploymentPostprocessing = 0;
		};
		8A8E9A131EF8FDE300B939B1 /* Resources */ = {
			isa = PBXResourcesBuildPhase;
			buildActionMask = 2147483647;
			files = (
			);
			runOnlyForDeploymentPostprocessing = 0;
		};
/* End PBXResourcesBuildPhase section */

/* Begin PBXShellScriptBuildPhase section */
		0A4B7FFC74F809701427529E /* [CP] Embed Pods Frameworks */ = {
			isa = PBXShellScriptBuildPhase;
			buildActionMask = 2147483647;
			files = (
			);
			inputPaths = (
			);
			name = "[CP] Embed Pods Frameworks";
			outputPaths = (
			);
			runOnlyForDeploymentPostprocessing = 0;
			shellPath = /bin/sh;
			shellScript = "\"${SRCROOT}/Pods/Target Support Files/Pods-AMPObjCUIStudyTests/Pods-AMPObjCUIStudyTests-frameworks.sh\"\n";
			showEnvVarsInLog = 0;
		};
		0CAB38DFC3A787F8E9A1304C /* [CP] Embed Pods Frameworks */ = {
			isa = PBXShellScriptBuildPhase;
			buildActionMask = 2147483647;
			files = (
			);
			inputPaths = (
			);
			name = "[CP] Embed Pods Frameworks";
			outputPaths = (
			);
			runOnlyForDeploymentPostprocessing = 0;
			shellPath = /bin/sh;
			shellScript = "\"${SRCROOT}/Pods/Target Support Files/Pods-AMPObjCUIStudy/Pods-AMPObjCUIStudy-frameworks.sh\"\n";
			showEnvVarsInLog = 0;
		};
		2EC29AD2283E33B6AB4A5EDD /* [CP] Check Pods Manifest.lock */ = {
			isa = PBXShellScriptBuildPhase;
			buildActionMask = 2147483647;
			files = (
			);
			inputPaths = (
			);
			name = "[CP] Check Pods Manifest.lock";
			outputPaths = (
			);
			runOnlyForDeploymentPostprocessing = 0;
			shellPath = /bin/sh;
			shellScript = "diff \"${PODS_ROOT}/../Podfile.lock\" \"${PODS_ROOT}/Manifest.lock\" > /dev/null\nif [ $? != 0 ] ; then\n    # print error to STDERR\n    echo \"error: The sandbox is not in sync with the Podfile.lock. Run 'pod install' or update your CocoaPods installation.\" >&2\n    exit 1\nfi\n";
			showEnvVarsInLog = 0;
		};
		424F3CD6254DC15228E7D318 /* [CP] Copy Pods Resources */ = {
			isa = PBXShellScriptBuildPhase;
			buildActionMask = 2147483647;
			files = (
			);
			inputPaths = (
			);
			name = "[CP] Copy Pods Resources";
			outputPaths = (
			);
			runOnlyForDeploymentPostprocessing = 0;
			shellPath = /bin/sh;
			shellScript = "\"${SRCROOT}/Pods/Target Support Files/Pods-AMPObjCUIStudyTests/Pods-AMPObjCUIStudyTests-resources.sh\"\n";
			showEnvVarsInLog = 0;
		};
		9E8F5772A149D14CDB32EC7C /* [CP] Copy Pods Resources */ = {
			isa = PBXShellScriptBuildPhase;
			buildActionMask = 2147483647;
			files = (
			);
			inputPaths = (
			);
			name = "[CP] Copy Pods Resources";
			outputPaths = (
			);
			runOnlyForDeploymentPostprocessing = 0;
			shellPath = /bin/sh;
			shellScript = "\"${SRCROOT}/Pods/Target Support Files/Pods-AMPObjCUIStudy/Pods-AMPObjCUIStudy-resources.sh\"\n";
			showEnvVarsInLog = 0;
		};
		AC903EF3267B607FFB4A6EFD /* [CP] Check Pods Manifest.lock */ = {
			isa = PBXShellScriptBuildPhase;
			buildActionMask = 2147483647;
			files = (
			);
			inputPaths = (
			);
			name = "[CP] Check Pods Manifest.lock";
			outputPaths = (
			);
			runOnlyForDeploymentPostprocessing = 0;
			shellPath = /bin/sh;
			shellScript = "diff \"${PODS_ROOT}/../Podfile.lock\" \"${PODS_ROOT}/Manifest.lock\" > /dev/null\nif [ $? != 0 ] ; then\n    # print error to STDERR\n    echo \"error: The sandbox is not in sync with the Podfile.lock. Run 'pod install' or update your CocoaPods installation.\" >&2\n    exit 1\nfi\n";
			showEnvVarsInLog = 0;
		};
/* End PBXShellScriptBuildPhase section */

/* Begin PBXSourcesBuildPhase section */
		8A4E558D1EE19AB4007B5B51 /* Sources */ = {
			isa = PBXSourcesBuildPhase;
			buildActionMask = 2147483647;
			files = (
				8A4E55B81EE19B28007B5B51 /* main.m in Sources */,
				8A8E9A101EF7EB3900B939B1 /* AMPUser.m in Sources */,
				8AFA2AFF1F05896F00D5A566 /* AMPArrayModelChange.m in Sources */,
				8ACB3E931EED3FC5004A8B89 /* AMPViewController.m in Sources */,
				8A9FDE0A1EFCE6700008FD56 /* AMPImageModel.m in Sources */,
				8AFA2B011F05896F00D5A566 /* AMPArrayModelChangeInsert.m in Sources */,
				8A9FDE1D1EFD9CF20008FD56 /* AMPImageView.m in Sources */,
				8A8E99B21EEEA0C500B939B1 /* AMPTableViewCell.m in Sources */,
				8AFA2AFE1F05896F00D5A566 /* AMPArrayModel.m in Sources */,
				8A8E99C41EEEAC7E00B939B1 /* UITableView+AMPExtensions.m in Sources */,
				8ACB3EAF1EEE955E004A8B89 /* NSArray+AMPExtensions.m in Sources */,
				8A9FDE361F0191640008FD56 /* AMPUsersModel.m in Sources */,
				8A8E99DE1EF7090E00B939B1 /* AMPUserCell.m in Sources */,
				8AFA2B031F05896F00D5A566 /* AMPModel.m in Sources */,
				8AFA2B101F0589C000D5A566 /* AMPView+AMPLoadingView.m in Sources */,
				8ACB3EAB1EEE8EAA004A8B89 /* AMPObservableObject.m in Sources */,
				8AFA2B111F0589C000D5A566 /* AMPView.m in Sources */,
				8AFA2B0E1F0589C000D5A566 /* AMPLoadingView.m in Sources */,
				8A8E99D21EEEC21500B939B1 /* NSIndexPath+AMPExtensions.m in Sources */,
				8A9FDDDE1EFA53E70008FD56 /* NSNotificationCenter+AMPExtensions.m in Sources */,
				8ACB3E901EED3FC5004A8B89 /* AMPUsersViewController.m in Sources */,
				8A8E99C01EEEA9BF00B939B1 /* NSBundle+AMPExtensions.m in Sources */,
				8A9FDE061EFAB4E60008FD56 /* AMPGCDExtensions.m in Sources */,
				8ACB3EA31EED4420004A8B89 /* NSString+AMPRandom.m in Sources */,
				8ACB3EB31EEE95A6004A8B89 /* NSObject+AMPExtensions.m in Sources */,
				8ACB3E921EED3FC5004A8B89 /* AMPSquareView.m in Sources */,
				8AFA2B001F05896F00D5A566 /* AMPArrayModelChangeDelete.m in Sources */,
				8ACB3E971EED40B8004A8B89 /* AMPUsersView.m in Sources */,
				8ACB3E7B1EEC0632004A8B89 /* UIWindow+AMPExtensions.m in Sources */,
				8A8E99BC1EEEA4B800B939B1 /* UINib+AMPExtensions.m in Sources */,
				8A248B231EE2E1410039958F /* AMPRandom.m in Sources */,
				8A4E55B61EE19B28007B5B51 /* AMPAppDelegate.m in Sources */,
				8AFA2B021F05896F00D5A566 /* AMPArrayModelChangeMove.m in Sources */,
			);
			runOnlyForDeploymentPostprocessing = 0;
		};
		8A8E9A111EF8FDE300B939B1 /* Sources */ = {
			isa = PBXSourcesBuildPhase;
			buildActionMask = 2147483647;
			files = (
				8A8E9A201EF9001800B939B1 /* AMPArrayModelSpec.m in Sources */,
			);
			runOnlyForDeploymentPostprocessing = 0;
		};
/* End PBXSourcesBuildPhase section */

/* Begin PBXTargetDependency section */
		8A8E9A1B1EF8FDE300B939B1 /* PBXTargetDependency */ = {
			isa = PBXTargetDependency;
			target = 8A4E55901EE19AB4007B5B51 /* AMPObjCUIStudy */;
			targetProxy = 8A8E9A1A1EF8FDE300B939B1 /* PBXContainerItemProxy */;
		};
/* End PBXTargetDependency section */

/* Begin PBXVariantGroup section */
		8A4E55B41EE19B28007B5B51 /* LaunchScreen.storyboard */ = {
			isa = PBXVariantGroup;
			children = (
				8A4E55B51EE19B28007B5B51 /* Base */,
			);
			name = LaunchScreen.storyboard;
			sourceTree = "<group>";
		};
/* End PBXVariantGroup section */

/* Begin XCBuildConfiguration section */
		8A4E55A61EE19AB4007B5B51 /* Debug */ = {
			isa = XCBuildConfiguration;
			buildSettings = {
				ALWAYS_SEARCH_USER_PATHS = NO;
				CLANG_ANALYZER_NONNULL = YES;
				CLANG_ANALYZER_NUMBER_OBJECT_CONVERSION = YES_AGGRESSIVE;
				CLANG_CXX_LANGUAGE_STANDARD = "gnu++0x";
				CLANG_CXX_LIBRARY = "libc++";
				CLANG_ENABLE_MODULES = YES;
				CLANG_ENABLE_OBJC_ARC = YES;
				CLANG_WARN_BOOL_CONVERSION = YES;
				CLANG_WARN_CONSTANT_CONVERSION = YES;
				CLANG_WARN_DIRECT_OBJC_ISA_USAGE = YES_ERROR;
				CLANG_WARN_DOCUMENTATION_COMMENTS = YES;
				CLANG_WARN_EMPTY_BODY = YES;
				CLANG_WARN_ENUM_CONVERSION = YES;
				CLANG_WARN_INFINITE_RECURSION = YES;
				CLANG_WARN_INT_CONVERSION = YES;
				CLANG_WARN_OBJC_ROOT_CLASS = YES_ERROR;
				CLANG_WARN_SUSPICIOUS_MOVE = YES;
				CLANG_WARN_UNREACHABLE_CODE = YES;
				CLANG_WARN__DUPLICATE_METHOD_MATCH = YES;
				"CODE_SIGN_IDENTITY[sdk=iphoneos*]" = "iPhone Developer";
				COPY_PHASE_STRIP = NO;
				DEBUG_INFORMATION_FORMAT = dwarf;
				ENABLE_STRICT_OBJC_MSGSEND = YES;
				ENABLE_TESTABILITY = YES;
				GCC_C_LANGUAGE_STANDARD = gnu99;
				GCC_DYNAMIC_NO_PIC = NO;
				GCC_NO_COMMON_BLOCKS = YES;
				GCC_OPTIMIZATION_LEVEL = 0;
				GCC_PREPROCESSOR_DEFINITIONS = (
					"DEBUG=1",
					"$(inherited)",
				);
				GCC_WARN_64_TO_32_BIT_CONVERSION = YES;
				GCC_WARN_ABOUT_RETURN_TYPE = YES_ERROR;
				GCC_WARN_SHADOW = YES;
				GCC_WARN_UNDECLARED_SELECTOR = YES;
				GCC_WARN_UNINITIALIZED_AUTOS = YES_AGGRESSIVE;
				GCC_WARN_UNUSED_FUNCTION = YES;
				GCC_WARN_UNUSED_VARIABLE = YES;
				IPHONEOS_DEPLOYMENT_TARGET = 10.3;
				MTL_ENABLE_DEBUG_INFO = YES;
				ONLY_ACTIVE_ARCH = YES;
				SDKROOT = iphoneos;
				TARGETED_DEVICE_FAMILY = "1,2";
			};
			name = Debug;
		};
		8A4E55A71EE19AB4007B5B51 /* Release */ = {
			isa = XCBuildConfiguration;
			buildSettings = {
				ALWAYS_SEARCH_USER_PATHS = NO;
				CLANG_ANALYZER_NONNULL = YES;
				CLANG_ANALYZER_NUMBER_OBJECT_CONVERSION = YES_AGGRESSIVE;
				CLANG_CXX_LANGUAGE_STANDARD = "gnu++0x";
				CLANG_CXX_LIBRARY = "libc++";
				CLANG_ENABLE_MODULES = YES;
				CLANG_ENABLE_OBJC_ARC = YES;
				CLANG_WARN_BOOL_CONVERSION = YES;
				CLANG_WARN_CONSTANT_CONVERSION = YES;
				CLANG_WARN_DIRECT_OBJC_ISA_USAGE = YES_ERROR;
				CLANG_WARN_DOCUMENTATION_COMMENTS = YES;
				CLANG_WARN_EMPTY_BODY = YES;
				CLANG_WARN_ENUM_CONVERSION = YES;
				CLANG_WARN_INFINITE_RECURSION = YES;
				CLANG_WARN_INT_CONVERSION = YES;
				CLANG_WARN_OBJC_ROOT_CLASS = YES_ERROR;
				CLANG_WARN_SUSPICIOUS_MOVE = YES;
				CLANG_WARN_UNREACHABLE_CODE = YES;
				CLANG_WARN__DUPLICATE_METHOD_MATCH = YES;
				"CODE_SIGN_IDENTITY[sdk=iphoneos*]" = "iPhone Developer";
				COPY_PHASE_STRIP = NO;
				DEBUG_INFORMATION_FORMAT = "dwarf-with-dsym";
				ENABLE_NS_ASSERTIONS = NO;
				ENABLE_STRICT_OBJC_MSGSEND = YES;
				GCC_C_LANGUAGE_STANDARD = gnu99;
				GCC_NO_COMMON_BLOCKS = YES;
				GCC_WARN_64_TO_32_BIT_CONVERSION = YES;
				GCC_WARN_ABOUT_RETURN_TYPE = YES_ERROR;
				GCC_WARN_SHADOW = YES;
				GCC_WARN_UNDECLARED_SELECTOR = YES;
				GCC_WARN_UNINITIALIZED_AUTOS = YES_AGGRESSIVE;
				GCC_WARN_UNUSED_FUNCTION = YES;
				GCC_WARN_UNUSED_VARIABLE = YES;
				IPHONEOS_DEPLOYMENT_TARGET = 10.3;
				MTL_ENABLE_DEBUG_INFO = NO;
				SDKROOT = iphoneos;
				TARGETED_DEVICE_FAMILY = "1,2";
				VALIDATE_PRODUCT = YES;
			};
			name = Release;
		};
		8A4E55A91EE19AB4007B5B51 /* Debug */ = {
			isa = XCBuildConfiguration;
			baseConfigurationReference = 2B8B00711BFE91269F7430D9 /* Pods-AMPObjCUIStudy.debug.xcconfig */;
			buildSettings = {
				ASSETCATALOG_COMPILER_APPICON_NAME = AppIcon;
				DEVELOPMENT_TEAM = FWP6H8H8UZ;
				GCC_WARN_ABOUT_DEPRECATED_FUNCTIONS = YES;
				GCC_WARN_SHADOW = YES;
				INFOPLIST_FILE = AMPObjCUIStudy/Info.plist;
				IPHONEOS_DEPLOYMENT_TARGET = 10.0;
				LD_RUNPATH_SEARCH_PATHS = "$(inherited) @executable_path/Frameworks";
				PRODUCT_BUNDLE_IDENTIFIER = AMP.AMPObjCUIStudy;
				PRODUCT_NAME = "$(TARGET_NAME)";
			};
			name = Debug;
		};
		8A4E55AA1EE19AB4007B5B51 /* Release */ = {
			isa = XCBuildConfiguration;
			baseConfigurationReference = 4D19272AA57E3EABB6B87DC1 /* Pods-AMPObjCUIStudy.release.xcconfig */;
			buildSettings = {
				ASSETCATALOG_COMPILER_APPICON_NAME = AppIcon;
				DEVELOPMENT_TEAM = FWP6H8H8UZ;
				GCC_WARN_ABOUT_DEPRECATED_FUNCTIONS = YES;
				GCC_WARN_SHADOW = YES;
				INFOPLIST_FILE = AMPObjCUIStudy/Info.plist;
				IPHONEOS_DEPLOYMENT_TARGET = 10.0;
				LD_RUNPATH_SEARCH_PATHS = "$(inherited) @executable_path/Frameworks";
				PRODUCT_BUNDLE_IDENTIFIER = AMP.AMPObjCUIStudy;
				PRODUCT_NAME = "$(TARGET_NAME)";
			};
			name = Release;
		};
		8A8E9A1C1EF8FDE300B939B1 /* Debug */ = {
			isa = XCBuildConfiguration;
			baseConfigurationReference = 1A26A3238A0013F718795815 /* Pods-AMPObjCUIStudyTests.debug.xcconfig */;
			buildSettings = {
				BUNDLE_LOADER = "$(TEST_HOST)";
				DEVELOPMENT_TEAM = FWP6H8H8UZ;
				INFOPLIST_FILE = AMPObjCUIStudyTests/Info.plist;
				LD_RUNPATH_SEARCH_PATHS = "$(inherited) @executable_path/Frameworks @loader_path/Frameworks";
				PRODUCT_BUNDLE_IDENTIFIER = AMP.AMPObjCUIStudyTests;
				PRODUCT_NAME = "$(TARGET_NAME)";
				TEST_HOST = "$(BUILT_PRODUCTS_DIR)/AMPObjCUIStudy.app/AMPObjCUIStudy";
			};
			name = Debug;
		};
		8A8E9A1D1EF8FDE300B939B1 /* Release */ = {
			isa = XCBuildConfiguration;
			baseConfigurationReference = 8049E956D4029D1C1B78245D /* Pods-AMPObjCUIStudyTests.release.xcconfig */;
			buildSettings = {
				BUNDLE_LOADER = "$(TEST_HOST)";
				DEVELOPMENT_TEAM = FWP6H8H8UZ;
				INFOPLIST_FILE = AMPObjCUIStudyTests/Info.plist;
				LD_RUNPATH_SEARCH_PATHS = "$(inherited) @executable_path/Frameworks @loader_path/Frameworks";
				PRODUCT_BUNDLE_IDENTIFIER = AMP.AMPObjCUIStudyTests;
				PRODUCT_NAME = "$(TARGET_NAME)";
				TEST_HOST = "$(BUILT_PRODUCTS_DIR)/AMPObjCUIStudy.app/AMPObjCUIStudy";
			};
			name = Release;
		};
/* End XCBuildConfiguration section */

/* Begin XCConfigurationList section */
		8A4E558C1EE19AB4007B5B51 /* Build configuration list for PBXProject "AMPObjCUIStudy" */ = {
			isa = XCConfigurationList;
			buildConfigurations = (
				8A4E55A61EE19AB4007B5B51 /* Debug */,
				8A4E55A71EE19AB4007B5B51 /* Release */,
			);
			defaultConfigurationIsVisible = 0;
			defaultConfigurationName = Release;
		};
		8A4E55A81EE19AB4007B5B51 /* Build configuration list for PBXNativeTarget "AMPObjCUIStudy" */ = {
			isa = XCConfigurationList;
			buildConfigurations = (
				8A4E55A91EE19AB4007B5B51 /* Debug */,
				8A4E55AA1EE19AB4007B5B51 /* Release */,
			);
			defaultConfigurationIsVisible = 0;
			defaultConfigurationName = Release;
		};
		8A8E9A1E1EF8FDE300B939B1 /* Build configuration list for PBXNativeTarget "AMPObjCUIStudyTests" */ = {
			isa = XCConfigurationList;
			buildConfigurations = (
				8A8E9A1C1EF8FDE300B939B1 /* Debug */,
				8A8E9A1D1EF8FDE300B939B1 /* Release */,
			);
			defaultConfigurationIsVisible = 0;
			defaultConfigurationName = Release;
		};
/* End XCConfigurationList section */
	};
	rootObject = 8A4E55891EE19AB4007B5B51 /* Project object */;
}
