// !$*UTF8*$!
{
	archiveVersion = 1;
	classes = {
	};
	objectVersion = 46;
	objects = {

/* Begin PBXBuildFile section */
		8A248B231EE2E1410039958F /* AMPRandom.m in Sources */ = {isa = PBXBuildFile; fileRef = 8A248B221EE2E1410039958F /* AMPRandom.m */; };
		8A4E55B61EE19B28007B5B51 /* AMPAppDelegate.m in Sources */ = {isa = PBXBuildFile; fileRef = 8A4E55AF1EE19B28007B5B51 /* AMPAppDelegate.m */; };
		8A4E55B81EE19B28007B5B51 /* main.m in Sources */ = {isa = PBXBuildFile; fileRef = 8A4E55B11EE19B28007B5B51 /* main.m */; };
		8A4E55BC1EE19BFD007B5B51 /* LaunchScreen.storyboard in Resources */ = {isa = PBXBuildFile; fileRef = 8A4E55B41EE19B28007B5B51 /* LaunchScreen.storyboard */; };
		8A4E55BD1EE19C02007B5B51 /* Assets.xcassets in Resources */ = {isa = PBXBuildFile; fileRef = 8A4E55B31EE19B28007B5B51 /* Assets.xcassets */; };
		8A8E99B21EEEA0C500B939B1 /* AMPTableViewCell.m in Sources */ = {isa = PBXBuildFile; fileRef = 8A8E99B11EEEA0C500B939B1 /* AMPTableViewCell.m */; };
		8A8E99B61EEEA13900B939B1 /* AMPUserCell.m in Sources */ = {isa = PBXBuildFile; fileRef = 8A8E99B51EEEA13900B939B1 /* AMPUserCell.m */; };
		8A8E99B81EEEA14E00B939B1 /* AMPUserCell.xib in Resources */ = {isa = PBXBuildFile; fileRef = 8A8E99B71EEEA14E00B939B1 /* AMPUserCell.xib */; };
		8A8E99BC1EEEA4B800B939B1 /* UINib+AMPExtensions.m in Sources */ = {isa = PBXBuildFile; fileRef = 8A8E99BB1EEEA4B800B939B1 /* UINib+AMPExtensions.m */; };
		8A8E99C01EEEA9BF00B939B1 /* NSBundle+AMPExtensions.m in Sources */ = {isa = PBXBuildFile; fileRef = 8A8E99BF1EEEA9BF00B939B1 /* NSBundle+AMPExtensions.m */; };
		8A8E99C41EEEAC7E00B939B1 /* UITableView+AMPExtensions.m in Sources */ = {isa = PBXBuildFile; fileRef = 8A8E99C31EEEAC7E00B939B1 /* UITableView+AMPExtensions.m */; };
		8A8E99C71EEEAF4900B939B1 /* vw.jpg in Resources */ = {isa = PBXBuildFile; fileRef = 8A8E99C61EEEAF4900B939B1 /* vw.jpg */; };
		8A8E99CB1EEEBB1700B939B1 /* AMPUsersModelChangesInfo.m in Sources */ = {isa = PBXBuildFile; fileRef = 8A8E99CA1EEEBB1700B939B1 /* AMPUsersModelChangesInfo.m */; };
		8A8E99CE1EEEBF9200B939B1 /* AMPUsersModelChangesInfo+AMPUsersModelExchangeOrder.m in Sources */ = {isa = PBXBuildFile; fileRef = 8A8E99CD1EEEBF9200B939B1 /* AMPUsersModelChangesInfo+AMPUsersModelExchangeOrder.m */; };
		8ACB3E7B1EEC0632004A8B89 /* UIWindow+AMPExtensions.m in Sources */ = {isa = PBXBuildFile; fileRef = 8ACB3E7A1EEC0632004A8B89 /* UIWindow+AMPExtensions.m */; };
		8ACB3E901EED3FC5004A8B89 /* AMPUsersViewController.m in Sources */ = {isa = PBXBuildFile; fileRef = 8ACB3E871EED3FC5004A8B89 /* AMPUsersViewController.m */; };
		8ACB3E911EED3FC5004A8B89 /* AMPUsersViewController.xib in Resources */ = {isa = PBXBuildFile; fileRef = 8ACB3E881EED3FC5004A8B89 /* AMPUsersViewController.xib */; };
		8ACB3E921EED3FC5004A8B89 /* AMPSquareView.m in Sources */ = {isa = PBXBuildFile; fileRef = 8ACB3E8C1EED3FC5004A8B89 /* AMPSquareView.m */; };
		8ACB3E931EED3FC5004A8B89 /* AMPViewController.m in Sources */ = {isa = PBXBuildFile; fileRef = 8ACB3E8E1EED3FC5004A8B89 /* AMPViewController.m */; };
		8ACB3E941EED3FC5004A8B89 /* AMPViewController.xib in Resources */ = {isa = PBXBuildFile; fileRef = 8ACB3E8F1EED3FC5004A8B89 /* AMPViewController.xib */; };
		8ACB3E971EED40B8004A8B89 /* AMPUsersView.m in Sources */ = {isa = PBXBuildFile; fileRef = 8ACB3E961EED40B8004A8B89 /* AMPUsersView.m */; };
		8ACB3E9F1EED4331004A8B89 /* AMPUser.m in Sources */ = {isa = PBXBuildFile; fileRef = 8ACB3E9E1EED4331004A8B89 /* AMPUser.m */; };
		8ACB3EA31EED4420004A8B89 /* NSString+AMPRandom.m in Sources */ = {isa = PBXBuildFile; fileRef = 8ACB3EA21EED4420004A8B89 /* NSString+AMPRandom.m */; };
		8ACB3EA71EED44D9004A8B89 /* AMPUsersModel.m in Sources */ = {isa = PBXBuildFile; fileRef = 8ACB3EA61EED44D9004A8B89 /* AMPUsersModel.m */; };
		8ACB3EAB1EEE8EAA004A8B89 /* AMPObservableObject.m in Sources */ = {isa = PBXBuildFile; fileRef = 8ACB3EAA1EEE8EAA004A8B89 /* AMPObservableObject.m */; };
		8ACB3EAF1EEE955E004A8B89 /* NSArray+AMPExtensions.m in Sources */ = {isa = PBXBuildFile; fileRef = 8ACB3EAE1EEE955E004A8B89 /* NSArray+AMPExtensions.m */; };
		8ACB3EB31EEE95A6004A8B89 /* NSObject+AMPExtensions.m in Sources */ = {isa = PBXBuildFile; fileRef = 8ACB3EB21EEE95A6004A8B89 /* NSObject+AMPExtensions.m */; };
/* End PBXBuildFile section */

/* Begin PBXFileReference section */
		8A248B191EE1AC000039958F /* AMPMarcos.h */ = {isa = PBXFileReference; lastKnownFileType = sourcecode.c.h; path = AMPMarcos.h; sourceTree = "<group>"; };
		8A248B211EE2E1410039958F /* AMPRandom.h */ = {isa = PBXFileReference; fileEncoding = 4; lastKnownFileType = sourcecode.c.h; path = AMPRandom.h; sourceTree = "<group>"; };
		8A248B221EE2E1410039958F /* AMPRandom.m */ = {isa = PBXFileReference; fileEncoding = 4; lastKnownFileType = sourcecode.c.objc; path = AMPRandom.m; sourceTree = "<group>"; };
		8A4E55911EE19AB4007B5B51 /* AMPObjCUIStudy.app */ = {isa = PBXFileReference; explicitFileType = wrapper.application; includeInIndex = 0; path = AMPObjCUIStudy.app; sourceTree = BUILT_PRODUCTS_DIR; };
		8A4E55AE1EE19B28007B5B51 /* AMPAppDelegate.h */ = {isa = PBXFileReference; fileEncoding = 4; lastKnownFileType = sourcecode.c.h; path = AMPAppDelegate.h; sourceTree = "<group>"; };
		8A4E55AF1EE19B28007B5B51 /* AMPAppDelegate.m */ = {isa = PBXFileReference; fileEncoding = 4; lastKnownFileType = sourcecode.c.objc; path = AMPAppDelegate.m; sourceTree = "<group>"; };
		8A4E55B01EE19B28007B5B51 /* Info.plist */ = {isa = PBXFileReference; fileEncoding = 4; lastKnownFileType = text.plist.xml; path = Info.plist; sourceTree = "<group>"; };
		8A4E55B11EE19B28007B5B51 /* main.m */ = {isa = PBXFileReference; fileEncoding = 4; lastKnownFileType = sourcecode.c.objc; path = main.m; sourceTree = "<group>"; };
		8A4E55B31EE19B28007B5B51 /* Assets.xcassets */ = {isa = PBXFileReference; lastKnownFileType = folder.assetcatalog; path = Assets.xcassets; sourceTree = "<group>"; };
		8A4E55B51EE19B28007B5B51 /* Base */ = {isa = PBXFileReference; lastKnownFileType = file.storyboard; name = Base; path = Base.lproj/LaunchScreen.storyboard; sourceTree = "<group>"; };
		8A8E99B01EEEA0C500B939B1 /* AMPTableViewCell.h */ = {isa = PBXFileReference; fileEncoding = 4; lastKnownFileType = sourcecode.c.h; path = AMPTableViewCell.h; sourceTree = "<group>"; };
		8A8E99B11EEEA0C500B939B1 /* AMPTableViewCell.m */ = {isa = PBXFileReference; fileEncoding = 4; lastKnownFileType = sourcecode.c.objc; path = AMPTableViewCell.m; sourceTree = "<group>"; };
		8A8E99B41EEEA13900B939B1 /* AMPUserCell.h */ = {isa = PBXFileReference; fileEncoding = 4; lastKnownFileType = sourcecode.c.h; path = AMPUserCell.h; sourceTree = "<group>"; };
		8A8E99B51EEEA13900B939B1 /* AMPUserCell.m */ = {isa = PBXFileReference; fileEncoding = 4; lastKnownFileType = sourcecode.c.objc; path = AMPUserCell.m; sourceTree = "<group>"; };
		8A8E99B71EEEA14E00B939B1 /* AMPUserCell.xib */ = {isa = PBXFileReference; fileEncoding = 4; lastKnownFileType = file.xib; path = AMPUserCell.xib; sourceTree = "<group>"; };
		8A8E99BA1EEEA4B800B939B1 /* UINib+AMPExtensions.h */ = {isa = PBXFileReference; fileEncoding = 4; lastKnownFileType = sourcecode.c.h; path = "UINib+AMPExtensions.h"; sourceTree = "<group>"; };
		8A8E99BB1EEEA4B800B939B1 /* UINib+AMPExtensions.m */ = {isa = PBXFileReference; fileEncoding = 4; lastKnownFileType = sourcecode.c.objc; path = "UINib+AMPExtensions.m"; sourceTree = "<group>"; };
		8A8E99BE1EEEA9BF00B939B1 /* NSBundle+AMPExtensions.h */ = {isa = PBXFileReference; fileEncoding = 4; lastKnownFileType = sourcecode.c.h; path = "NSBundle+AMPExtensions.h"; sourceTree = "<group>"; };
		8A8E99BF1EEEA9BF00B939B1 /* NSBundle+AMPExtensions.m */ = {isa = PBXFileReference; fileEncoding = 4; lastKnownFileType = sourcecode.c.objc; path = "NSBundle+AMPExtensions.m"; sourceTree = "<group>"; };
		8A8E99C21EEEAC7E00B939B1 /* UITableView+AMPExtensions.h */ = {isa = PBXFileReference; fileEncoding = 4; lastKnownFileType = sourcecode.c.h; path = "UITableView+AMPExtensions.h"; sourceTree = "<group>"; };
		8A8E99C31EEEAC7E00B939B1 /* UITableView+AMPExtensions.m */ = {isa = PBXFileReference; fileEncoding = 4; lastKnownFileType = sourcecode.c.objc; path = "UITableView+AMPExtensions.m"; sourceTree = "<group>"; };
		8A8E99C61EEEAF4900B939B1 /* vw.jpg */ = {isa = PBXFileReference; lastKnownFileType = image.jpeg; path = vw.jpg; sourceTree = "<group>"; };
		8A8E99C91EEEBB1700B939B1 /* AMPUsersModelChangesInfo.h */ = {isa = PBXFileReference; fileEncoding = 4; lastKnownFileType = sourcecode.c.h; path = AMPUsersModelChangesInfo.h; sourceTree = "<group>"; };
		8A8E99CA1EEEBB1700B939B1 /* AMPUsersModelChangesInfo.m */ = {isa = PBXFileReference; fileEncoding = 4; lastKnownFileType = sourcecode.c.objc; path = AMPUsersModelChangesInfo.m; sourceTree = "<group>"; };
		8A8E99CC1EEEBF9200B939B1 /* AMPUsersModelChangesInfo+AMPUsersModelExchangeOrder.h */ = {isa = PBXFileReference; fileEncoding = 4; lastKnownFileType = sourcecode.c.h; path = "AMPUsersModelChangesInfo+AMPUsersModelExchangeOrder.h"; sourceTree = "<group>"; };
		8A8E99CD1EEEBF9200B939B1 /* AMPUsersModelChangesInfo+AMPUsersModelExchangeOrder.m */ = {isa = PBXFileReference; fileEncoding = 4; lastKnownFileType = sourcecode.c.objc; path = "AMPUsersModelChangesInfo+AMPUsersModelExchangeOrder.m"; sourceTree = "<group>"; };
		8ACB3E771EEC0632004A8B89 /* CGGeometry+AMPExtensions.h */ = {isa = PBXFileReference; fileEncoding = 4; lastKnownFileType = sourcecode.c.h; path = "CGGeometry+AMPExtensions.h"; sourceTree = "<group>"; };
		8ACB3E791EEC0632004A8B89 /* UIWindow+AMPExtensions.h */ = {isa = PBXFileReference; fileEncoding = 4; lastKnownFileType = sourcecode.c.h; path = "UIWindow+AMPExtensions.h"; sourceTree = "<group>"; };
		8ACB3E7A1EEC0632004A8B89 /* UIWindow+AMPExtensions.m */ = {isa = PBXFileReference; fileEncoding = 4; lastKnownFileType = sourcecode.c.objc; path = "UIWindow+AMPExtensions.m"; sourceTree = "<group>"; };
		8ACB3E861EED3FC5004A8B89 /* AMPUsersViewController.h */ = {isa = PBXFileReference; fileEncoding = 4; lastKnownFileType = sourcecode.c.h; path = AMPUsersViewController.h; sourceTree = "<group>"; };
		8ACB3E871EED3FC5004A8B89 /* AMPUsersViewController.m */ = {isa = PBXFileReference; fileEncoding = 4; lastKnownFileType = sourcecode.c.objc; path = AMPUsersViewController.m; sourceTree = "<group>"; };
		8ACB3E881EED3FC5004A8B89 /* AMPUsersViewController.xib */ = {isa = PBXFileReference; fileEncoding = 4; lastKnownFileType = file.xib; path = AMPUsersViewController.xib; sourceTree = "<group>"; };
		8ACB3E8B1EED3FC5004A8B89 /* AMPSquareView.h */ = {isa = PBXFileReference; fileEncoding = 4; lastKnownFileType = sourcecode.c.h; path = AMPSquareView.h; sourceTree = "<group>"; };
		8ACB3E8C1EED3FC5004A8B89 /* AMPSquareView.m */ = {isa = PBXFileReference; fileEncoding = 4; lastKnownFileType = sourcecode.c.objc; path = AMPSquareView.m; sourceTree = "<group>"; };
		8ACB3E8D1EED3FC5004A8B89 /* AMPViewController.h */ = {isa = PBXFileReference; fileEncoding = 4; lastKnownFileType = sourcecode.c.h; path = AMPViewController.h; sourceTree = "<group>"; };
		8ACB3E8E1EED3FC5004A8B89 /* AMPViewController.m */ = {isa = PBXFileReference; fileEncoding = 4; lastKnownFileType = sourcecode.c.objc; path = AMPViewController.m; sourceTree = "<group>"; };
		8ACB3E8F1EED3FC5004A8B89 /* AMPViewController.xib */ = {isa = PBXFileReference; fileEncoding = 4; lastKnownFileType = file.xib; path = AMPViewController.xib; sourceTree = "<group>"; };
		8ACB3E951EED40B8004A8B89 /* AMPUsersView.h */ = {isa = PBXFileReference; fileEncoding = 4; lastKnownFileType = sourcecode.c.h; path = AMPUsersView.h; sourceTree = "<group>"; };
		8ACB3E961EED40B8004A8B89 /* AMPUsersView.m */ = {isa = PBXFileReference; fileEncoding = 4; lastKnownFileType = sourcecode.c.objc; path = AMPUsersView.m; sourceTree = "<group>"; };
		8ACB3E9D1EED4331004A8B89 /* AMPUser.h */ = {isa = PBXFileReference; fileEncoding = 4; lastKnownFileType = sourcecode.c.h; path = AMPUser.h; sourceTree = "<group>"; };
		8ACB3E9E1EED4331004A8B89 /* AMPUser.m */ = {isa = PBXFileReference; fileEncoding = 4; lastKnownFileType = sourcecode.c.objc; path = AMPUser.m; sourceTree = "<group>"; };
		8ACB3EA11EED4420004A8B89 /* NSString+AMPRandom.h */ = {isa = PBXFileReference; fileEncoding = 4; lastKnownFileType = sourcecode.c.h; path = "NSString+AMPRandom.h"; sourceTree = "<group>"; };
		8ACB3EA21EED4420004A8B89 /* NSString+AMPRandom.m */ = {isa = PBXFileReference; fileEncoding = 4; lastKnownFileType = sourcecode.c.objc; path = "NSString+AMPRandom.m"; sourceTree = "<group>"; };
		8ACB3EA51EED44D9004A8B89 /* AMPUsersModel.h */ = {isa = PBXFileReference; fileEncoding = 4; lastKnownFileType = sourcecode.c.h; path = AMPUsersModel.h; sourceTree = "<group>"; };
		8ACB3EA61EED44D9004A8B89 /* AMPUsersModel.m */ = {isa = PBXFileReference; fileEncoding = 4; lastKnownFileType = sourcecode.c.objc; path = AMPUsersModel.m; sourceTree = "<group>"; };
		8ACB3EA91EEE8EAA004A8B89 /* AMPObservableObject.h */ = {isa = PBXFileReference; fileEncoding = 4; lastKnownFileType = sourcecode.c.h; path = AMPObservableObject.h; sourceTree = "<group>"; };
		8ACB3EAA1EEE8EAA004A8B89 /* AMPObservableObject.m */ = {isa = PBXFileReference; fileEncoding = 4; lastKnownFileType = sourcecode.c.objc; path = AMPObservableObject.m; sourceTree = "<group>"; };
		8ACB3EAD1EEE955E004A8B89 /* NSArray+AMPExtensions.h */ = {isa = PBXFileReference; fileEncoding = 4; lastKnownFileType = sourcecode.c.h; path = "NSArray+AMPExtensions.h"; sourceTree = "<group>"; };
		8ACB3EAE1EEE955E004A8B89 /* NSArray+AMPExtensions.m */ = {isa = PBXFileReference; fileEncoding = 4; lastKnownFileType = sourcecode.c.objc; path = "NSArray+AMPExtensions.m"; sourceTree = "<group>"; };
		8ACB3EB11EEE95A6004A8B89 /* NSObject+AMPExtensions.h */ = {isa = PBXFileReference; fileEncoding = 4; lastKnownFileType = sourcecode.c.h; path = "NSObject+AMPExtensions.h"; sourceTree = "<group>"; };
		8ACB3EB21EEE95A6004A8B89 /* NSObject+AMPExtensions.m */ = {isa = PBXFileReference; fileEncoding = 4; lastKnownFileType = sourcecode.c.objc; path = "NSObject+AMPExtensions.m"; sourceTree = "<group>"; };
/* End PBXFileReference section */

/* Begin PBXFrameworksBuildPhase section */
		8A4E558E1EE19AB4007B5B51 /* Frameworks */ = {
			isa = PBXFrameworksBuildPhase;
			buildActionMask = 2147483647;
			files = (
			);
			runOnlyForDeploymentPostprocessing = 0;
		};
/* End PBXFrameworksBuildPhase section */

/* Begin PBXGroup section */
		8A248B181EE1ABD50039958F /* Library */ = {
			isa = PBXGroup;
			children = (
				8A8E99AF1EEEA0A200B939B1 /* AMPTableViewCell */,
				8ACB3EA81EEE8EAA004A8B89 /* AMPObservableObject */,
				8ACB3E761EEC0632004A8B89 /* Categories */,
				8A248B211EE2E1410039958F /* AMPRandom.h */,
				8A248B221EE2E1410039958F /* AMPRandom.m */,
				8A248B191EE1AC000039958F /* AMPMarcos.h */,
			);
			path = Library;
			sourceTree = "<group>";
		};
		8A4E55881EE19AB4007B5B51 = {
			isa = PBXGroup;
			children = (
				8A248B181EE1ABD50039958F /* Library */,
				8A4E55AC1EE19AF0007B5B51 /* Sources */,
				8A4E55AD1EE19B28007B5B51 /* AMPObjCUIStudy */,
				8A4E55B21EE19B28007B5B51 /* Resources */,
				8A4E55921EE19AB4007B5B51 /* Products */,
			);
			sourceTree = "<group>";
		};
		8A4E55921EE19AB4007B5B51 /* Products */ = {
			isa = PBXGroup;
			children = (
				8A4E55911EE19AB4007B5B51 /* AMPObjCUIStudy.app */,
			);
			name = Products;
			sourceTree = "<group>";
		};
		8A4E55AC1EE19AF0007B5B51 /* Sources */ = {
			isa = PBXGroup;
			children = (
				8ACB3E841EED3FC5004A8B89 /* UI */,
				8ACB3E831EED3FC5004A8B89 /* Models */,
			);
			path = Sources;
			sourceTree = "<group>";
		};
		8A4E55AD1EE19B28007B5B51 /* AMPObjCUIStudy */ = {
			isa = PBXGroup;
			children = (
				8A4E55AE1EE19B28007B5B51 /* AMPAppDelegate.h */,
				8A4E55AF1EE19B28007B5B51 /* AMPAppDelegate.m */,
				8A4E55B01EE19B28007B5B51 /* Info.plist */,
				8A4E55B11EE19B28007B5B51 /* main.m */,
			);
			path = AMPObjCUIStudy;
			sourceTree = "<group>";
		};
		8A4E55B21EE19B28007B5B51 /* Resources */ = {
			isa = PBXGroup;
			children = (
				8A8E99C51EEEAF4900B939B1 /* Images */,
				8A4E55B31EE19B28007B5B51 /* Assets.xcassets */,
				8A4E55B41EE19B28007B5B51 /* LaunchScreen.storyboard */,
			);
			path = Resources;
			sourceTree = "<group>";
		};
		8A8E99AF1EEEA0A200B939B1 /* AMPTableViewCell */ = {
			isa = PBXGroup;
			children = (
				8A8E99B01EEEA0C500B939B1 /* AMPTableViewCell.h */,
				8A8E99B11EEEA0C500B939B1 /* AMPTableViewCell.m */,
			);
			path = AMPTableViewCell;
			sourceTree = "<group>";
		};
		8A8E99B31EEEA0FD00B939B1 /* AMPUserCell */ = {
			isa = PBXGroup;
			children = (
				8A8E99B41EEEA13900B939B1 /* AMPUserCell.h */,
				8A8E99B51EEEA13900B939B1 /* AMPUserCell.m */,
				8A8E99B71EEEA14E00B939B1 /* AMPUserCell.xib */,
			);
			path = AMPUserCell;
			sourceTree = "<group>";
		};
		8A8E99B91EEEA49500B939B1 /* UINib+AMPExtensions */ = {
			isa = PBXGroup;
			children = (
				8A8E99BA1EEEA4B800B939B1 /* UINib+AMPExtensions.h */,
				8A8E99BB1EEEA4B800B939B1 /* UINib+AMPExtensions.m */,
			);
			path = "UINib+AMPExtensions";
			sourceTree = "<group>";
		};
		8A8E99BD1EEEA99D00B939B1 /* NSBundle+AMPExtensions */ = {
			isa = PBXGroup;
			children = (
				8A8E99BE1EEEA9BF00B939B1 /* NSBundle+AMPExtensions.h */,
				8A8E99BF1EEEA9BF00B939B1 /* NSBundle+AMPExtensions.m */,
			);
			path = "NSBundle+AMPExtensions";
			sourceTree = "<group>";
		};
		8A8E99C11EEEAC5200B939B1 /* UITableView+AMPExtensions */ = {
			isa = PBXGroup;
			children = (
				8A8E99C21EEEAC7E00B939B1 /* UITableView+AMPExtensions.h */,
				8A8E99C31EEEAC7E00B939B1 /* UITableView+AMPExtensions.m */,
			);
			path = "UITableView+AMPExtensions";
			sourceTree = "<group>";
		};
		8A8E99C51EEEAF4900B939B1 /* Images */ = {
			isa = PBXGroup;
			children = (
				8A8E99C61EEEAF4900B939B1 /* vw.jpg */,
			);
			path = Images;
			sourceTree = "<group>";
		};
		8A8E99C81EEEBAD500B939B1 /* AMPUsersModelChangesInfo */ = {
			isa = PBXGroup;
			children = (
				8A8E99C91EEEBB1700B939B1 /* AMPUsersModelChangesInfo.h */,
				8A8E99CA1EEEBB1700B939B1 /* AMPUsersModelChangesInfo.m */,
				8A8E99CC1EEEBF9200B939B1 /* AMPUsersModelChangesInfo+AMPUsersModelExchangeOrder.h */,
				8A8E99CD1EEEBF9200B939B1 /* AMPUsersModelChangesInfo+AMPUsersModelExchangeOrder.m */,
			);
			path = AMPUsersModelChangesInfo;
			sourceTree = "<group>";
		};
		8ACB3E761EEC0632004A8B89 /* Categories */ = {
			isa = PBXGroup;
			children = (
				8A8E99C11EEEAC5200B939B1 /* UITableView+AMPExtensions */,
				8A8E99BD1EEEA99D00B939B1 /* NSBundle+AMPExtensions */,
				8A8E99B91EEEA49500B939B1 /* UINib+AMPExtensions */,
				8ACB3EB01EEE95A6004A8B89 /* NSObject+AMpextensions */,
				8ACB3EAC1EEE951E004A8B89 /* NSArray+AMPExtensions */,
				8ACB3EA01EED43F1004A8B89 /* NSString+AMPExtensions */,
				8ACB3E781EEC0632004A8B89 /* UIWindow+AMPExtensions */,
				8ACB3E771EEC0632004A8B89 /* CGGeometry+AMPExtensions.h */,
			);
			path = Categories;
			sourceTree = "<group>";
		};
		8ACB3E781EEC0632004A8B89 /* UIWindow+AMPExtensions */ = {
			isa = PBXGroup;
			children = (
				8ACB3E791EEC0632004A8B89 /* UIWindow+AMPExtensions.h */,
				8ACB3E7A1EEC0632004A8B89 /* UIWindow+AMPExtensions.m */,
			);
			path = "UIWindow+AMPExtensions";
			sourceTree = "<group>";
		};
		8ACB3E831EED3FC5004A8B89 /* Models */ = {
			isa = PBXGroup;
			children = (
				8ACB3EA41EED44C0004A8B89 /* AMPUsersModel */,
				8ACB3E9C1EED4320004A8B89 /* AMPUser */,
			);
			path = Models;
			sourceTree = "<group>";
		};
		8ACB3E841EED3FC5004A8B89 /* UI */ = {
			isa = PBXGroup;
			children = (
				8A8E99B31EEEA0FD00B939B1 /* AMPUserCell */,
				8ACB3E851EED3FC5004A8B89 /* AMPUsersViewController */,
				8ACB3E891EED3FC5004A8B89 /* AMPViewController */,
			);
			path = UI;
			sourceTree = "<group>";
		};
		8ACB3E851EED3FC5004A8B89 /* AMPUsersViewController */ = {
			isa = PBXGroup;
			children = (
				8ACB3E861EED3FC5004A8B89 /* AMPUsersViewController.h */,
				8ACB3E871EED3FC5004A8B89 /* AMPUsersViewController.m */,
				8ACB3E881EED3FC5004A8B89 /* AMPUsersViewController.xib */,
				8ACB3E951EED40B8004A8B89 /* AMPUsersView.h */,
				8ACB3E961EED40B8004A8B89 /* AMPUsersView.m */,
			);
			path = AMPUsersViewController;
			sourceTree = "<group>";
		};
		8ACB3E891EED3FC5004A8B89 /* AMPViewController */ = {
			isa = PBXGroup;
			children = (
				8ACB3E8A1EED3FC5004A8B89 /* AMPSquareView */,
				8ACB3E8D1EED3FC5004A8B89 /* AMPViewController.h */,
				8ACB3E8E1EED3FC5004A8B89 /* AMPViewController.m */,
				8ACB3E8F1EED3FC5004A8B89 /* AMPViewController.xib */,
			);
			path = AMPViewController;
			sourceTree = "<group>";
		};
		8ACB3E8A1EED3FC5004A8B89 /* AMPSquareView */ = {
			isa = PBXGroup;
			children = (
				8ACB3E8B1EED3FC5004A8B89 /* AMPSquareView.h */,
				8ACB3E8C1EED3FC5004A8B89 /* AMPSquareView.m */,
			);
			path = AMPSquareView;
			sourceTree = "<group>";
		};
		8ACB3E9C1EED4320004A8B89 /* AMPUser */ = {
			isa = PBXGroup;
			children = (
				8ACB3E9D1EED4331004A8B89 /* AMPUser.h */,
				8ACB3E9E1EED4331004A8B89 /* AMPUser.m */,
			);
			path = AMPUser;
			sourceTree = "<group>";
		};
		8ACB3EA01EED43F1004A8B89 /* NSString+AMPExtensions */ = {
			isa = PBXGroup;
			children = (
				8ACB3EA11EED4420004A8B89 /* NSString+AMPRandom.h */,
				8ACB3EA21EED4420004A8B89 /* NSString+AMPRandom.m */,
			);
			path = "NSString+AMPExtensions";
			sourceTree = "<group>";
		};
		8ACB3EA41EED44C0004A8B89 /* AMPUsersModel */ = {
			isa = PBXGroup;
			children = (
				8A8E99C81EEEBAD500B939B1 /* AMPUsersModelChangesInfo */,
				8ACB3EA51EED44D9004A8B89 /* AMPUsersModel.h */,
				8ACB3EA61EED44D9004A8B89 /* AMPUsersModel.m */,
			);
			path = AMPUsersModel;
			sourceTree = "<group>";
		};
		8ACB3EA81EEE8EAA004A8B89 /* AMPObservableObject */ = {
			isa = PBXGroup;
			children = (
				8ACB3EA91EEE8EAA004A8B89 /* AMPObservableObject.h */,
				8ACB3EAA1EEE8EAA004A8B89 /* AMPObservableObject.m */,
			);
			path = AMPObservableObject;
			sourceTree = "<group>";
		};
		8ACB3EAC1EEE951E004A8B89 /* NSArray+AMPExtensions */ = {
			isa = PBXGroup;
			children = (
				8ACB3EAD1EEE955E004A8B89 /* NSArray+AMPExtensions.h */,
				8ACB3EAE1EEE955E004A8B89 /* NSArray+AMPExtensions.m */,
			);
			path = "NSArray+AMPExtensions";
			sourceTree = "<group>";
		};
		8ACB3EB01EEE95A6004A8B89 /* NSObject+AMpextensions */ = {
			isa = PBXGroup;
			children = (
				8ACB3EB11EEE95A6004A8B89 /* NSObject+AMPExtensions.h */,
				8ACB3EB21EEE95A6004A8B89 /* NSObject+AMPExtensions.m */,
			);
			path = "NSObject+AMpextensions";
			sourceTree = "<group>";
		};
/* End PBXGroup section */

/* Begin PBXNativeTarget section */
		8A4E55901EE19AB4007B5B51 /* AMPObjCUIStudy */ = {
			isa = PBXNativeTarget;
			buildConfigurationList = 8A4E55A81EE19AB4007B5B51 /* Build configuration list for PBXNativeTarget "AMPObjCUIStudy" */;
			buildPhases = (
				8A4E558D1EE19AB4007B5B51 /* Sources */,
				8A4E558E1EE19AB4007B5B51 /* Frameworks */,
				8A4E558F1EE19AB4007B5B51 /* Resources */,
			);
			buildRules = (
			);
			dependencies = (
			);
			name = AMPObjCUIStudy;
			productName = AMPObjCUIStudy;
			productReference = 8A4E55911EE19AB4007B5B51 /* AMPObjCUIStudy.app */;
			productType = "com.apple.product-type.application";
		};
/* End PBXNativeTarget section */

/* Begin PBXProject section */
		8A4E55891EE19AB4007B5B51 /* Project object */ = {
			isa = PBXProject;
			attributes = {
				LastUpgradeCheck = 0830;
				ORGANIZATIONNAME = pilotns;
				TargetAttributes = {
					8A4E55901EE19AB4007B5B51 = {
						CreatedOnToolsVersion = 8.3.2;
						DevelopmentTeam = FWP6H8H8UZ;
						ProvisioningStyle = Automatic;
					};
				};
			};
			buildConfigurationList = 8A4E558C1EE19AB4007B5B51 /* Build configuration list for PBXProject "AMPObjCUIStudy" */;
			compatibilityVersion = "Xcode 3.2";
			developmentRegion = English;
			hasScannedForEncodings = 0;
			knownRegions = (
				en,
				Base,
			);
			mainGroup = 8A4E55881EE19AB4007B5B51;
			productRefGroup = 8A4E55921EE19AB4007B5B51 /* Products */;
			projectDirPath = "";
			projectRoot = "";
			targets = (
				8A4E55901EE19AB4007B5B51 /* AMPObjCUIStudy */,
			);
		};
/* End PBXProject section */

/* Begin PBXResourcesBuildPhase section */
		8A4E558F1EE19AB4007B5B51 /* Resources */ = {
			isa = PBXResourcesBuildPhase;
			buildActionMask = 2147483647;
			files = (
				8ACB3E911EED3FC5004A8B89 /* AMPUsersViewController.xib in Resources */,
				8A4E55BD1EE19C02007B5B51 /* Assets.xcassets in Resources */,
				8A8E99C71EEEAF4900B939B1 /* vw.jpg in Resources */,
				8A4E55BC1EE19BFD007B5B51 /* LaunchScreen.storyboard in Resources */,
				8ACB3E941EED3FC5004A8B89 /* AMPViewController.xib in Resources */,
				8A8E99B81EEEA14E00B939B1 /* AMPUserCell.xib in Resources */,
			);
			runOnlyForDeploymentPostprocessing = 0;
		};
/* End PBXResourcesBuildPhase section */

/* Begin PBXSourcesBuildPhase section */
		8A4E558D1EE19AB4007B5B51 /* Sources */ = {
			isa = PBXSourcesBuildPhase;
			buildActionMask = 2147483647;
			files = (
				8A4E55B81EE19B28007B5B51 /* main.m in Sources */,
				8ACB3E931EED3FC5004A8B89 /* AMPViewController.m in Sources */,
				8A8E99B21EEEA0C500B939B1 /* AMPTableViewCell.m in Sources */,
				8A8E99CE1EEEBF9200B939B1 /* AMPUsersModelChangesInfo+AMPUsersModelExchangeOrder.m in Sources */,
				8A8E99C41EEEAC7E00B939B1 /* UITableView+AMPExtensions.m in Sources */,
				8ACB3EAF1EEE955E004A8B89 /* NSArray+AMPExtensions.m in Sources */,
				8ACB3EAB1EEE8EAA004A8B89 /* AMPObservableObject.m in Sources */,
				8A8E99B61EEEA13900B939B1 /* AMPUserCell.m in Sources */,
				8ACB3E901EED3FC5004A8B89 /* AMPUsersViewController.m in Sources */,
				8A8E99C01EEEA9BF00B939B1 /* NSBundle+AMPExtensions.m in Sources */,
				8ACB3EA31EED4420004A8B89 /* NSString+AMPRandom.m in Sources */,
				8ACB3EB31EEE95A6004A8B89 /* NSObject+AMPExtensions.m in Sources */,
				8ACB3E921EED3FC5004A8B89 /* AMPSquareView.m in Sources */,
				8ACB3E971EED40B8004A8B89 /* AMPUsersView.m in Sources */,
				8ACB3E7B1EEC0632004A8B89 /* UIWindow+AMPExtensions.m in Sources */,
				8A8E99BC1EEEA4B800B939B1 /* UINib+AMPExtensions.m in Sources */,
				8A248B231EE2E1410039958F /* AMPRandom.m in Sources */,
				8ACB3E9F1EED4331004A8B89 /* AMPUser.m in Sources */,
				8ACB3EA71EED44D9004A8B89 /* AMPUsersModel.m in Sources */,
				8A4E55B61EE19B28007B5B51 /* AMPAppDelegate.m in Sources */,
				8A8E99CB1EEEBB1700B939B1 /* AMPUsersModelChangesInfo.m in Sources */,
			);
			runOnlyForDeploymentPostprocessing = 0;
		};
/* End PBXSourcesBuildPhase section */

/* Begin PBXVariantGroup section */
		8A4E55B41EE19B28007B5B51 /* LaunchScreen.storyboard */ = {
			isa = PBXVariantGroup;
			children = (
				8A4E55B51EE19B28007B5B51 /* Base */,
			);
			name = LaunchScreen.storyboard;
			sourceTree = "<group>";
		};
/* End PBXVariantGroup section */

/* Begin XCBuildConfiguration section */
		8A4E55A61EE19AB4007B5B51 /* Debug */ = {
			isa = XCBuildConfiguration;
			buildSettings = {
				ALWAYS_SEARCH_USER_PATHS = NO;
				CLANG_ANALYZER_NONNULL = YES;
				CLANG_ANALYZER_NUMBER_OBJECT_CONVERSION = YES_AGGRESSIVE;
				CLANG_CXX_LANGUAGE_STANDARD = "gnu++0x";
				CLANG_CXX_LIBRARY = "libc++";
				CLANG_ENABLE_MODULES = YES;
				CLANG_ENABLE_OBJC_ARC = YES;
				CLANG_WARN_BOOL_CONVERSION = YES;
				CLANG_WARN_CONSTANT_CONVERSION = YES;
				CLANG_WARN_DIRECT_OBJC_ISA_USAGE = YES_ERROR;
				CLANG_WARN_DOCUMENTATION_COMMENTS = YES;
				CLANG_WARN_EMPTY_BODY = YES;
				CLANG_WARN_ENUM_CONVERSION = YES;
				CLANG_WARN_INFINITE_RECURSION = YES;
				CLANG_WARN_INT_CONVERSION = YES;
				CLANG_WARN_OBJC_ROOT_CLASS = YES_ERROR;
				CLANG_WARN_SUSPICIOUS_MOVE = YES;
				CLANG_WARN_UNREACHABLE_CODE = YES;
				CLANG_WARN__DUPLICATE_METHOD_MATCH = YES;
				"CODE_SIGN_IDENTITY[sdk=iphoneos*]" = "iPhone Developer";
				COPY_PHASE_STRIP = NO;
				DEBUG_INFORMATION_FORMAT = dwarf;
				ENABLE_STRICT_OBJC_MSGSEND = YES;
				ENABLE_TESTABILITY = YES;
				GCC_C_LANGUAGE_STANDARD = gnu99;
				GCC_DYNAMIC_NO_PIC = NO;
				GCC_NO_COMMON_BLOCKS = YES;
				GCC_OPTIMIZATION_LEVEL = 0;
				GCC_PREPROCESSOR_DEFINITIONS = (
					"DEBUG=1",
					"$(inherited)",
				);
				GCC_WARN_64_TO_32_BIT_CONVERSION = YES;
				GCC_WARN_ABOUT_RETURN_TYPE = YES_ERROR;
				GCC_WARN_SHADOW = YES;
				GCC_WARN_UNDECLARED_SELECTOR = YES;
				GCC_WARN_UNINITIALIZED_AUTOS = YES_AGGRESSIVE;
				GCC_WARN_UNUSED_FUNCTION = YES;
				GCC_WARN_UNUSED_VARIABLE = YES;
				IPHONEOS_DEPLOYMENT_TARGET = 10.3;
				MTL_ENABLE_DEBUG_INFO = YES;
				ONLY_ACTIVE_ARCH = YES;
				SDKROOT = iphoneos;
				TARGETED_DEVICE_FAMILY = "1,2";
			};
			name = Debug;
		};
		8A4E55A71EE19AB4007B5B51 /* Release */ = {
			isa = XCBuildConfiguration;
			buildSettings = {
				ALWAYS_SEARCH_USER_PATHS = NO;
				CLANG_ANALYZER_NONNULL = YES;
				CLANG_ANALYZER_NUMBER_OBJECT_CONVERSION = YES_AGGRESSIVE;
				CLANG_CXX_LANGUAGE_STANDARD = "gnu++0x";
				CLANG_CXX_LIBRARY = "libc++";
				CLANG_ENABLE_MODULES = YES;
				CLANG_ENABLE_OBJC_ARC = YES;
				CLANG_WARN_BOOL_CONVERSION = YES;
				CLANG_WARN_CONSTANT_CONVERSION = YES;
				CLANG_WARN_DIRECT_OBJC_ISA_USAGE = YES_ERROR;
				CLANG_WARN_DOCUMENTATION_COMMENTS = YES;
				CLANG_WARN_EMPTY_BODY = YES;
				CLANG_WARN_ENUM_CONVERSION = YES;
				CLANG_WARN_INFINITE_RECURSION = YES;
				CLANG_WARN_INT_CONVERSION = YES;
				CLANG_WARN_OBJC_ROOT_CLASS = YES_ERROR;
				CLANG_WARN_SUSPICIOUS_MOVE = YES;
				CLANG_WARN_UNREACHABLE_CODE = YES;
				CLANG_WARN__DUPLICATE_METHOD_MATCH = YES;
				"CODE_SIGN_IDENTITY[sdk=iphoneos*]" = "iPhone Developer";
				COPY_PHASE_STRIP = NO;
				DEBUG_INFORMATION_FORMAT = "dwarf-with-dsym";
				ENABLE_NS_ASSERTIONS = NO;
				ENABLE_STRICT_OBJC_MSGSEND = YES;
				GCC_C_LANGUAGE_STANDARD = gnu99;
				GCC_NO_COMMON_BLOCKS = YES;
				GCC_WARN_64_TO_32_BIT_CONVERSION = YES;
				GCC_WARN_ABOUT_RETURN_TYPE = YES_ERROR;
				GCC_WARN_SHADOW = YES;
				GCC_WARN_UNDECLARED_SELECTOR = YES;
				GCC_WARN_UNINITIALIZED_AUTOS = YES_AGGRESSIVE;
				GCC_WARN_UNUSED_FUNCTION = YES;
				GCC_WARN_UNUSED_VARIABLE = YES;
				IPHONEOS_DEPLOYMENT_TARGET = 10.3;
				MTL_ENABLE_DEBUG_INFO = NO;
				SDKROOT = iphoneos;
				TARGETED_DEVICE_FAMILY = "1,2";
				VALIDATE_PRODUCT = YES;
			};
			name = Release;
		};
		8A4E55A91EE19AB4007B5B51 /* Debug */ = {
			isa = XCBuildConfiguration;
			buildSettings = {
				ASSETCATALOG_COMPILER_APPICON_NAME = AppIcon;
				DEVELOPMENT_TEAM = FWP6H8H8UZ;
				GCC_WARN_ABOUT_DEPRECATED_FUNCTIONS = YES;
				GCC_WARN_SHADOW = YES;
				INFOPLIST_FILE = AMPObjCUIStudy/Info.plist;
				IPHONEOS_DEPLOYMENT_TARGET = 10.0;
				LD_RUNPATH_SEARCH_PATHS = "$(inherited) @executable_path/Frameworks";
				PRODUCT_BUNDLE_IDENTIFIER = AMP.AMPObjCUIStudy;
				PRODUCT_NAME = "$(TARGET_NAME)";
			};
			name = Debug;
		};
		8A4E55AA1EE19AB4007B5B51 /* Release */ = {
			isa = XCBuildConfiguration;
			buildSettings = {
				ASSETCATALOG_COMPILER_APPICON_NAME = AppIcon;
				DEVELOPMENT_TEAM = FWP6H8H8UZ;
				GCC_WARN_ABOUT_DEPRECATED_FUNCTIONS = YES;
				GCC_WARN_SHADOW = YES;
				INFOPLIST_FILE = AMPObjCUIStudy/Info.plist;
				IPHONEOS_DEPLOYMENT_TARGET = 10.0;
				LD_RUNPATH_SEARCH_PATHS = "$(inherited) @executable_path/Frameworks";
				PRODUCT_BUNDLE_IDENTIFIER = AMP.AMPObjCUIStudy;
				PRODUCT_NAME = "$(TARGET_NAME)";
			};
			name = Release;
		};
/* End XCBuildConfiguration section */

/* Begin XCConfigurationList section */
		8A4E558C1EE19AB4007B5B51 /* Build configuration list for PBXProject "AMPObjCUIStudy" */ = {
			isa = XCConfigurationList;
			buildConfigurations = (
				8A4E55A61EE19AB4007B5B51 /* Debug */,
				8A4E55A71EE19AB4007B5B51 /* Release */,
			);
			defaultConfigurationIsVisible = 0;
			defaultConfigurationName = Release;
		};
		8A4E55A81EE19AB4007B5B51 /* Build configuration list for PBXNativeTarget "AMPObjCUIStudy" */ = {
			isa = XCConfigurationList;
			buildConfigurations = (
				8A4E55A91EE19AB4007B5B51 /* Debug */,
				8A4E55AA1EE19AB4007B5B51 /* Release */,
			);
			defaultConfigurationIsVisible = 0;
			defaultConfigurationName = Release;
		};
/* End XCConfigurationList section */
	};
	rootObject = 8A4E55891EE19AB4007B5B51 /* Project object */;
}
